
Microsoft Visual Studio Solution File, Format Version 12.00
# Visual Studio 15
VisualStudioVersion = 15.0.27130.2020
MinimumVisualStudioVersion = 10.0.40219.1
Project("{2150E333-8FDC-42A3-9474-1A3956D46DE8}") = "Domain", "Domain", "{7AC0A335-A785-4EAD-BD68-6FD85A9DBA74}"
EndProject
Project("{2150E333-8FDC-42A3-9474-1A3956D46DE8}") = "Correspondence", "Correspondence", "{88BC9B4F-4CD5-418B-B10E-845F7F91C0FC}"
EndProject
Project("{2150E333-8FDC-42A3-9474-1A3956D46DE8}") = "CreditBureau", "CreditBureau", "{834EB981-CD6A-478A-87E8-6B385FF54642}"
EndProject
Project("{2150E333-8FDC-42A3-9474-1A3956D46DE8}") = "FirstAgain", "FirstAgain", "{9D858C8A-9022-4085-AFDE-CE35062AA3F9}"
EndProject
Project("{2150E333-8FDC-42A3-9474-1A3956D46DE8}") = "LoanServicing", "LoanServicing", "{CFFE07C6-5ED3-438A-9ABA-AC755847B870}"
EndProject
Project("{2150E333-8FDC-42A3-9474-1A3956D46DE8}") = "Workflow", "Workflow", "{A8351594-2A9F-47D0-9824-44CF281D680B}"
EndProject
Project("{FAE04EC0-301F-11D3-BF4B-00C04F79EFBC}") = "FirstAgain.Common", "..\..\..\Common\FirstAgain.Common.csproj", "{1D150183-C213-4B33-B3A6-13A061BE5C49}"
EndProject
Project("{FAE04EC0-301F-11D3-BF4B-00C04F79EFBC}") = "FirstAgain.Domain.Common", "..\..\..\Domain\Common\FirstAgain.Domain.Common.csproj", "{6BC3FF04-1C45-4E3F-A82C-400A91E14330}"
EndProject
Project("{FAE04EC0-301F-11D3-BF4B-00C04F79EFBC}") = "FirstAgain.Correspondence.SharedTypes", "..\..\..\Correspondence\SharedTypes\FirstAgain.Correspondence.SharedTypes.csproj", "{473C9F93-4226-4E82-924D-BD13998689F6}"
EndProject
Project("{FAE04EC0-301F-11D3-BF4B-00C04F79EFBC}") = "FirstAgain.CreditBureau.SharedTypes", "..\..\..\CreditBureau\SharedTypes\FirstAgain.CreditBureau.SharedTypes.csproj", "{EB17097E-8FCB-4193-829B-88C5A95727C5}"
EndProject
Project("{FAE04EC0-301F-11D3-BF4B-00C04F79EFBC}") = "FirstAgain.LoanServicing.SharedTypes", "..\..\..\LoanServicing\SharedTypes\FirstAgain.LoanServicing.SharedTypes.csproj", "{A4E1DD59-25EE-4D4C-9707-903FDE230BE1}"
EndProject
Project("{FAE04EC0-301F-11D3-BF4B-00C04F79EFBC}") = "FirstAgain.LoanServicing.Common", "..\..\..\LoanServicing\Common\FirstAgain.LoanServicing.Common.csproj", "{68299763-0319-4DA9-914A-EB2927C658E6}"
EndProject
Project("{FAE04EC0-301F-11D3-BF4B-00C04F79EFBC}") = "FirstAgain.Correspondence.ServiceModel.Client", "..\..\..\Correspondence\ServiceModel\Client\FirstAgain.Correspondence.ServiceModel.Client.csproj", "{DA8D016B-198C-422C-9442-2DFE93586DAC}"
EndProject
Project("{FAE04EC0-301F-11D3-BF4B-00C04F79EFBC}") = "FirstAgain.Correspondence.ServiceModel.Contracts", "..\..\..\Correspondence\ServiceModel\Contracts\FirstAgain.Correspondence.ServiceModel.Contracts.csproj", "{46BDEED1-789E-4172-8DAE-64A7903A33F3}"
EndProject
Project("{FAE04EC0-301F-11D3-BF4B-00C04F79EFBC}") = "FirstAgain.LoanServicing.ServiceModel.Client", "..\..\..\LoanServicing\ServiceModel\Client\FirstAgain.LoanServicing.ServiceModel.Client.csproj", "{C22EC378-31C5-4A3B-BE06-E4ED3E4C33CC}"
EndProject
Project("{FAE04EC0-301F-11D3-BF4B-00C04F79EFBC}") = "FirstAgain.LoanServicing.ServiceModel.Contracts", "..\..\..\LoanServicing\ServiceModel\Contracts\FirstAgain.LoanServicing.ServiceModel.Contracts.csproj", "{305F7836-E9D1-44B9-81A7-6181F26E57C8}"
EndProject
Project("{FAE04EC0-301F-11D3-BF4B-00C04F79EFBC}") = "FirstAgain.Domain.ServiceModel.Client", "..\..\..\Domain\ServiceModel\Client\FirstAgain.Domain.ServiceModel.Client.csproj", "{BFE16905-77D2-4574-A9D0-678F26C8ACAE}"
EndProject
Project("{FAE04EC0-301F-11D3-BF4B-00C04F79EFBC}") = "FirstAgain.Domain.ServiceModel.Contracts", "..\..\..\Domain\ServiceModel\Contracts\FirstAgain.Domain.ServiceModel.Contracts.csproj", "{5A2D7C7E-6A39-4A22-AAD8-15403B248F4E}"
EndProject
Project("{FAE04EC0-301F-11D3-BF4B-00C04F79EFBC}") = "FirstAgain.Workflow.SharedTypes", "..\..\..\Workflow\SharedTypes\FirstAgain.Workflow.SharedTypes.csproj", "{E8380CB0-1C71-4B77-A6BF-1EC59A13B9AF}"
EndProject
Project("{FAE04EC0-301F-11D3-BF4B-00C04F79EFBC}") = "FirstAgain.Domain.SharedTypes", "..\..\..\Domain\SharedTypes\FirstAgain.Domain.SharedTypes.csproj", "{2AE337A8-D0BF-492E-B526-5D4B978CB3F0}"
EndProject
Project("{FAE04EC0-301F-11D3-BF4B-00C04F79EFBC}") = "FirstAgain.Domain.Lookups", "..\..\..\Domain\Lookups\FirstAgain.Domain.Lookups.csproj", "{C71B1B18-512D-408D-AE46-10A86F13EB1D}"
EndProject
Project("{FAE04EC0-301F-11D3-BF4B-00C04F79EFBC}") = "LightStreamWeb", "Webroot\LightStreamWeb.csproj", "{CFF274CE-2F8B-4251-9B31-FF2D2A8E57EC}"
EndProject
Project("{FAE04EC0-301F-11D3-BF4B-00C04F79EFBC}") = "LightStreamWeb.Tests", "Tests\LightStream.Web.Tests\LightStreamWeb.Tests.csproj", "{16F65951-3898-4424-8FDD-5F0F8C0EBD6F}"
EndProject
Project("{FAE04EC0-301F-11D3-BF4B-00C04F79EFBC}") = "LightStreamWeb.UnitTests", "Tests\LightStreamWeb.UnitTests\LightStreamWeb.UnitTests.csproj", "{09B8BD74-783D-4066-A25E-0DB90FADC635}"
EndProject
Project("{2150E333-8FDC-42A3-9474-1A3956D46DE8}") = ".nuget", ".nuget", "{5A4FF128-659D-4BF9-9556-5E3DD3B8B7FE}"
	ProjectSection(SolutionItems) = preProject
		.nuget\packages.config = .nuget\packages.config
	EndProjectSection
EndProject
Project("{FAE04EC0-301F-11D3-BF4B-00C04F79EFBC}") = "FirstAgain.Domain.TestingCommon", "..\..\..\Domain\ServiceModel\Server\Tests\FirstAgain.Domain.TestingCommon\FirstAgain.Domain.TestingCommon.csproj", "{F487CC4D-1B0F-4BA3-AA6E-E52EE120EF5B}"
EndProject
Project("{FAE04EC0-301F-11D3-BF4B-00C04F79EFBC}") = "LightStreamWeb.Shared", "LightStreamWeb.Shared\LightStreamWeb.Shared.csproj", "{A2A3D70D-3D7B-434A-8BBB-9C13DF2837B5}"
EndProject
Project("{FAE04EC0-301F-11D3-BF4B-00C04F79EFBC}") = "LightStreamWeb.ComponentsHost", "LightStreamWeb.ComponentsHost\LightStreamWeb.ComponentsHost.csproj", "{745E87B1-7FFD-4F9C-98A5-43475FBC147B}"
EndProject
Global
	GlobalSection(SolutionConfigurationPlatforms) = preSolution
		Debug (localhost)|Any CPU = Debug (localhost)|Any CPU
		Debug (localhost)|x64 = Debug (localhost)|x64
		Debug (localhost)|x86 = Debug (localhost)|x86
		Debug (Single Machine)|Any CPU = Debug (Single Machine)|Any CPU
		Debug (Single Machine)|x64 = Debug (Single Machine)|x64
		Debug (Single Machine)|x86 = Debug (Single Machine)|x86
		Debug|Any CPU = Debug|Any CPU
		Debug|x64 = Debug|x64
		Debug|x86 = Debug|x86
		Release|Any CPU = Release|Any CPU
		Release|x64 = Release|x64
		Release|x86 = Release|x86
		Test|Any CPU = Test|Any CPU
		Test|x64 = Test|x64
		Test|x86 = Test|x86
		Veracode|Any CPU = Veracode|Any CPU
		Veracode|x64 = Veracode|x64
		Veracode|x86 = Veracode|x86
	EndGlobalSection
	GlobalSection(ProjectConfigurationPlatforms) = postSolution
		{1D150183-C213-4B33-B3A6-13A061BE5C49}.Debug (localhost)|Any CPU.ActiveCfg = Debug|Any CPU
		{1D150183-C213-4B33-B3A6-13A061BE5C49}.Debug (localhost)|Any CPU.Build.0 = Debug|Any CPU
		{1D150183-C213-4B33-B3A6-13A061BE5C49}.Debug (localhost)|x64.ActiveCfg = Debug (Single Machine)|Any CPU
		{1D150183-C213-4B33-B3A6-13A061BE5C49}.Debug (localhost)|x64.Build.0 = Debug (Single Machine)|Any CPU
		{1D150183-C213-4B33-B3A6-13A061BE5C49}.Debug (localhost)|x86.ActiveCfg = Debug (Single Machine)|Any CPU
		{1D150183-C213-4B33-B3A6-13A061BE5C49}.Debug (localhost)|x86.Build.0 = Debug (Single Machine)|Any CPU
		{1D150183-C213-4B33-B3A6-13A061BE5C49}.Debug (Single Machine)|Any CPU.ActiveCfg = Debug (Single Machine)|Any CPU
		{1D150183-C213-4B33-B3A6-13A061BE5C49}.Debug (Single Machine)|Any CPU.Build.0 = Debug (Single Machine)|Any CPU
		{1D150183-C213-4B33-B3A6-13A061BE5C49}.Debug (Single Machine)|x64.ActiveCfg = Debug (Single Machine)|Any CPU
		{1D150183-C213-4B33-B3A6-13A061BE5C49}.Debug (Single Machine)|x64.Build.0 = Debug (Single Machine)|Any CPU
		{1D150183-C213-4B33-B3A6-13A061BE5C49}.Debug (Single Machine)|x86.ActiveCfg = Debug (Single Machine)|Any CPU
		{1D150183-C213-4B33-B3A6-13A061BE5C49}.Debug (Single Machine)|x86.Build.0 = Debug (Single Machine)|Any CPU
		{1D150183-C213-4B33-B3A6-13A061BE5C49}.Debug|Any CPU.ActiveCfg = Debug|Any CPU
		{1D150183-C213-4B33-B3A6-13A061BE5C49}.Debug|Any CPU.Build.0 = Debug|Any CPU
		{1D150183-C213-4B33-B3A6-13A061BE5C49}.Debug|x64.ActiveCfg = Debug|Any CPU
		{1D150183-C213-4B33-B3A6-13A061BE5C49}.Debug|x64.Build.0 = Debug|Any CPU
		{1D150183-C213-4B33-B3A6-13A061BE5C49}.Debug|x86.ActiveCfg = Debug|Any CPU
		{1D150183-C213-4B33-B3A6-13A061BE5C49}.Debug|x86.Build.0 = Debug|Any CPU
		{1D150183-C213-4B33-B3A6-13A061BE5C49}.Release|Any CPU.ActiveCfg = Release|Any CPU
		{1D150183-C213-4B33-B3A6-13A061BE5C49}.Release|Any CPU.Build.0 = Release|Any CPU
		{1D150183-C213-4B33-B3A6-13A061BE5C49}.Release|x64.ActiveCfg = Release|Any CPU
		{1D150183-C213-4B33-B3A6-13A061BE5C49}.Release|x64.Build.0 = Release|Any CPU
		{1D150183-C213-4B33-B3A6-13A061BE5C49}.Release|x86.ActiveCfg = Release|Any CPU
		{1D150183-C213-4B33-B3A6-13A061BE5C49}.Release|x86.Build.0 = Release|Any CPU
		{1D150183-C213-4B33-B3A6-13A061BE5C49}.Test|Any CPU.ActiveCfg = Test|Any CPU
		{1D150183-C213-4B33-B3A6-13A061BE5C49}.Test|Any CPU.Build.0 = Test|Any CPU
		{1D150183-C213-4B33-B3A6-13A061BE5C49}.Test|x64.ActiveCfg = Test|Any CPU
		{1D150183-C213-4B33-B3A6-13A061BE5C49}.Test|x64.Build.0 = Test|Any CPU
		{1D150183-C213-4B33-B3A6-13A061BE5C49}.Test|x86.ActiveCfg = Test|Any CPU
		{1D150183-C213-4B33-B3A6-13A061BE5C49}.Test|x86.Build.0 = Test|Any CPU
		{1D150183-C213-4B33-B3A6-13A061BE5C49}.Veracode|Any CPU.ActiveCfg = Debug|Any CPU
		{1D150183-C213-4B33-B3A6-13A061BE5C49}.Veracode|Any CPU.Build.0 = Debug|Any CPU
		{1D150183-C213-4B33-B3A6-13A061BE5C49}.Veracode|x64.ActiveCfg = Test|Any CPU
		{1D150183-C213-4B33-B3A6-13A061BE5C49}.Veracode|x64.Build.0 = Test|Any CPU
		{1D150183-C213-4B33-B3A6-13A061BE5C49}.Veracode|x86.ActiveCfg = Test|Any CPU
		{1D150183-C213-4B33-B3A6-13A061BE5C49}.Veracode|x86.Build.0 = Test|Any CPU
		{6BC3FF04-1C45-4E3F-A82C-400A91E14330}.Debug (localhost)|Any CPU.ActiveCfg = Debug|Any CPU
		{6BC3FF04-1C45-4E3F-A82C-400A91E14330}.Debug (localhost)|Any CPU.Build.0 = Debug|Any CPU
		{6BC3FF04-1C45-4E3F-A82C-400A91E14330}.Debug (localhost)|x64.ActiveCfg = Debug (Single Machine)|Any CPU
		{6BC3FF04-1C45-4E3F-A82C-400A91E14330}.Debug (localhost)|x64.Build.0 = Debug (Single Machine)|Any CPU
		{6BC3FF04-1C45-4E3F-A82C-400A91E14330}.Debug (localhost)|x86.ActiveCfg = Debug (Single Machine)|Any CPU
		{6BC3FF04-1C45-4E3F-A82C-400A91E14330}.Debug (localhost)|x86.Build.0 = Debug (Single Machine)|Any CPU
		{6BC3FF04-1C45-4E3F-A82C-400A91E14330}.Debug (Single Machine)|Any CPU.ActiveCfg = Debug (Single Machine)|Any CPU
		{6BC3FF04-1C45-4E3F-A82C-400A91E14330}.Debug (Single Machine)|Any CPU.Build.0 = Debug (Single Machine)|Any CPU
		{6BC3FF04-1C45-4E3F-A82C-400A91E14330}.Debug (Single Machine)|x64.ActiveCfg = Debug (Single Machine)|Any CPU
		{6BC3FF04-1C45-4E3F-A82C-400A91E14330}.Debug (Single Machine)|x64.Build.0 = Debug (Single Machine)|Any CPU
		{6BC3FF04-1C45-4E3F-A82C-400A91E14330}.Debug (Single Machine)|x86.ActiveCfg = Debug (Single Machine)|Any CPU
		{6BC3FF04-1C45-4E3F-A82C-400A91E14330}.Debug (Single Machine)|x86.Build.0 = Debug (Single Machine)|Any CPU
		{6BC3FF04-1C45-4E3F-A82C-400A91E14330}.Debug|Any CPU.ActiveCfg = Debug|Any CPU
		{6BC3FF04-1C45-4E3F-A82C-400A91E14330}.Debug|Any CPU.Build.0 = Debug|Any CPU
		{6BC3FF04-1C45-4E3F-A82C-400A91E14330}.Debug|x64.ActiveCfg = Debug|Any CPU
		{6BC3FF04-1C45-4E3F-A82C-400A91E14330}.Debug|x64.Build.0 = Debug|Any CPU
		{6BC3FF04-1C45-4E3F-A82C-400A91E14330}.Debug|x86.ActiveCfg = Debug|Any CPU
		{6BC3FF04-1C45-4E3F-A82C-400A91E14330}.Debug|x86.Build.0 = Debug|Any CPU
		{6BC3FF04-1C45-4E3F-A82C-400A91E14330}.Release|Any CPU.ActiveCfg = Release|Any CPU
		{6BC3FF04-1C45-4E3F-A82C-400A91E14330}.Release|Any CPU.Build.0 = Release|Any CPU
		{6BC3FF04-1C45-4E3F-A82C-400A91E14330}.Release|x64.ActiveCfg = Release|Any CPU
		{6BC3FF04-1C45-4E3F-A82C-400A91E14330}.Release|x64.Build.0 = Release|Any CPU
		{6BC3FF04-1C45-4E3F-A82C-400A91E14330}.Release|x86.ActiveCfg = Release|Any CPU
		{6BC3FF04-1C45-4E3F-A82C-400A91E14330}.Release|x86.Build.0 = Release|Any CPU
		{6BC3FF04-1C45-4E3F-A82C-400A91E14330}.Test|Any CPU.ActiveCfg = Test|Any CPU
		{6BC3FF04-1C45-4E3F-A82C-400A91E14330}.Test|Any CPU.Build.0 = Test|Any CPU
		{6BC3FF04-1C45-4E3F-A82C-400A91E14330}.Test|x64.ActiveCfg = Test|Any CPU
		{6BC3FF04-1C45-4E3F-A82C-400A91E14330}.Test|x64.Build.0 = Test|Any CPU
		{6BC3FF04-1C45-4E3F-A82C-400A91E14330}.Test|x86.ActiveCfg = Test|Any CPU
		{6BC3FF04-1C45-4E3F-A82C-400A91E14330}.Test|x86.Build.0 = Test|Any CPU
		{6BC3FF04-1C45-4E3F-A82C-400A91E14330}.Veracode|Any CPU.ActiveCfg = Debug|Any CPU
		{6BC3FF04-1C45-4E3F-A82C-400A91E14330}.Veracode|Any CPU.Build.0 = Debug|Any CPU
		{6BC3FF04-1C45-4E3F-A82C-400A91E14330}.Veracode|x64.ActiveCfg = Debug (Single Machine)|Any CPU
		{6BC3FF04-1C45-4E3F-A82C-400A91E14330}.Veracode|x64.Build.0 = Debug (Single Machine)|Any CPU
		{6BC3FF04-1C45-4E3F-A82C-400A91E14330}.Veracode|x86.ActiveCfg = Test|Any CPU
		{6BC3FF04-1C45-4E3F-A82C-400A91E14330}.Veracode|x86.Build.0 = Test|Any CPU
		{473C9F93-4226-4E82-924D-BD13998689F6}.Debug (localhost)|Any CPU.ActiveCfg = Debug|Any CPU
		{473C9F93-4226-4E82-924D-BD13998689F6}.Debug (localhost)|Any CPU.Build.0 = Debug|Any CPU
		{473C9F93-4226-4E82-924D-BD13998689F6}.Debug (localhost)|x64.ActiveCfg = Debug (Single Machine)|Any CPU
		{473C9F93-4226-4E82-924D-BD13998689F6}.Debug (localhost)|x64.Build.0 = Debug (Single Machine)|Any CPU
		{473C9F93-4226-4E82-924D-BD13998689F6}.Debug (localhost)|x86.ActiveCfg = Debug (Single Machine)|x86
		{473C9F93-4226-4E82-924D-BD13998689F6}.Debug (localhost)|x86.Build.0 = Debug (Single Machine)|x86
		{473C9F93-4226-4E82-924D-BD13998689F6}.Debug (Single Machine)|Any CPU.ActiveCfg = Debug (Single Machine)|Any CPU
		{473C9F93-4226-4E82-924D-BD13998689F6}.Debug (Single Machine)|Any CPU.Build.0 = Debug (Single Machine)|Any CPU
		{473C9F93-4226-4E82-924D-BD13998689F6}.Debug (Single Machine)|x64.ActiveCfg = Debug (Single Machine)|Any CPU
		{473C9F93-4226-4E82-924D-BD13998689F6}.Debug (Single Machine)|x64.Build.0 = Debug (Single Machine)|Any CPU
		{473C9F93-4226-4E82-924D-BD13998689F6}.Debug (Single Machine)|x86.ActiveCfg = Debug (Single Machine)|x86
		{473C9F93-4226-4E82-924D-BD13998689F6}.Debug (Single Machine)|x86.Build.0 = Debug (Single Machine)|x86
		{473C9F93-4226-4E82-924D-BD13998689F6}.Debug|Any CPU.ActiveCfg = Debug|Any CPU
		{473C9F93-4226-4E82-924D-BD13998689F6}.Debug|Any CPU.Build.0 = Debug|Any CPU
		{473C9F93-4226-4E82-924D-BD13998689F6}.Debug|x64.ActiveCfg = Debug|Any CPU
		{473C9F93-4226-4E82-924D-BD13998689F6}.Debug|x64.Build.0 = Debug|Any CPU
		{473C9F93-4226-4E82-924D-BD13998689F6}.Debug|x86.ActiveCfg = Debug|x86
		{473C9F93-4226-4E82-924D-BD13998689F6}.Debug|x86.Build.0 = Debug|x86
		{473C9F93-4226-4E82-924D-BD13998689F6}.Release|Any CPU.ActiveCfg = Release|Any CPU
		{473C9F93-4226-4E82-924D-BD13998689F6}.Release|Any CPU.Build.0 = Release|Any CPU
		{473C9F93-4226-4E82-924D-BD13998689F6}.Release|x64.ActiveCfg = Release|Any CPU
		{473C9F93-4226-4E82-924D-BD13998689F6}.Release|x64.Build.0 = Release|Any CPU
		{473C9F93-4226-4E82-924D-BD13998689F6}.Release|x86.ActiveCfg = Release|x86
		{473C9F93-4226-4E82-924D-BD13998689F6}.Release|x86.Build.0 = Release|x86
		{473C9F93-4226-4E82-924D-BD13998689F6}.Test|Any CPU.ActiveCfg = Test|Any CPU
		{473C9F93-4226-4E82-924D-BD13998689F6}.Test|Any CPU.Build.0 = Test|Any CPU
		{473C9F93-4226-4E82-924D-BD13998689F6}.Test|x64.ActiveCfg = Test|Any CPU
		{473C9F93-4226-4E82-924D-BD13998689F6}.Test|x64.Build.0 = Test|Any CPU
		{473C9F93-4226-4E82-924D-BD13998689F6}.Test|x86.ActiveCfg = Test|x86
		{473C9F93-4226-4E82-924D-BD13998689F6}.Test|x86.Build.0 = Test|x86
		{473C9F93-4226-4E82-924D-BD13998689F6}.Veracode|Any CPU.ActiveCfg = Debug|Any CPU
		{473C9F93-4226-4E82-924D-BD13998689F6}.Veracode|Any CPU.Build.0 = Debug|Any CPU
		{473C9F93-4226-4E82-924D-BD13998689F6}.Veracode|x64.ActiveCfg = Debug (Single Machine)|Any CPU
		{473C9F93-4226-4E82-924D-BD13998689F6}.Veracode|x64.Build.0 = Debug (Single Machine)|Any CPU
		{473C9F93-4226-4E82-924D-BD13998689F6}.Veracode|x86.ActiveCfg = Debug (Single Machine)|x86
		{473C9F93-4226-4E82-924D-BD13998689F6}.Veracode|x86.Build.0 = Debug (Single Machine)|x86
		{EB17097E-8FCB-4193-829B-88C5A95727C5}.Debug (localhost)|Any CPU.ActiveCfg = Debug|Any CPU
		{EB17097E-8FCB-4193-829B-88C5A95727C5}.Debug (localhost)|Any CPU.Build.0 = Debug|Any CPU
		{EB17097E-8FCB-4193-829B-88C5A95727C5}.Debug (localhost)|x64.ActiveCfg = Debug (Single Machine)|Any CPU
		{EB17097E-8FCB-4193-829B-88C5A95727C5}.Debug (localhost)|x64.Build.0 = Debug (Single Machine)|Any CPU
		{EB17097E-8FCB-4193-829B-88C5A95727C5}.Debug (localhost)|x86.ActiveCfg = Debug (Single Machine)|x86
		{EB17097E-8FCB-4193-829B-88C5A95727C5}.Debug (localhost)|x86.Build.0 = Debug (Single Machine)|x86
		{EB17097E-8FCB-4193-829B-88C5A95727C5}.Debug (Single Machine)|Any CPU.ActiveCfg = Debug (Single Machine)|Any CPU
		{EB17097E-8FCB-4193-829B-88C5A95727C5}.Debug (Single Machine)|Any CPU.Build.0 = Debug (Single Machine)|Any CPU
		{EB17097E-8FCB-4193-829B-88C5A95727C5}.Debug (Single Machine)|x64.ActiveCfg = Debug (Single Machine)|Any CPU
		{EB17097E-8FCB-4193-829B-88C5A95727C5}.Debug (Single Machine)|x64.Build.0 = Debug (Single Machine)|Any CPU
		{EB17097E-8FCB-4193-829B-88C5A95727C5}.Debug (Single Machine)|x86.ActiveCfg = Debug (Single Machine)|x86
		{EB17097E-8FCB-4193-829B-88C5A95727C5}.Debug (Single Machine)|x86.Build.0 = Debug (Single Machine)|x86
		{EB17097E-8FCB-4193-829B-88C5A95727C5}.Debug|Any CPU.ActiveCfg = Debug|Any CPU
		{EB17097E-8FCB-4193-829B-88C5A95727C5}.Debug|Any CPU.Build.0 = Debug|Any CPU
		{EB17097E-8FCB-4193-829B-88C5A95727C5}.Debug|x64.ActiveCfg = Debug|Any CPU
		{EB17097E-8FCB-4193-829B-88C5A95727C5}.Debug|x64.Build.0 = Debug|Any CPU
		{EB17097E-8FCB-4193-829B-88C5A95727C5}.Debug|x86.ActiveCfg = Debug|x86
		{EB17097E-8FCB-4193-829B-88C5A95727C5}.Debug|x86.Build.0 = Debug|x86
		{EB17097E-8FCB-4193-829B-88C5A95727C5}.Release|Any CPU.ActiveCfg = Release|Any CPU
		{EB17097E-8FCB-4193-829B-88C5A95727C5}.Release|Any CPU.Build.0 = Release|Any CPU
		{EB17097E-8FCB-4193-829B-88C5A95727C5}.Release|x64.ActiveCfg = Release|Any CPU
		{EB17097E-8FCB-4193-829B-88C5A95727C5}.Release|x64.Build.0 = Release|Any CPU
		{EB17097E-8FCB-4193-829B-88C5A95727C5}.Release|x86.ActiveCfg = Release|x86
		{EB17097E-8FCB-4193-829B-88C5A95727C5}.Release|x86.Build.0 = Release|x86
		{EB17097E-8FCB-4193-829B-88C5A95727C5}.Test|Any CPU.ActiveCfg = Test|Any CPU
		{EB17097E-8FCB-4193-829B-88C5A95727C5}.Test|Any CPU.Build.0 = Test|Any CPU
		{EB17097E-8FCB-4193-829B-88C5A95727C5}.Test|x64.ActiveCfg = Test|Any CPU
		{EB17097E-8FCB-4193-829B-88C5A95727C5}.Test|x64.Build.0 = Test|Any CPU
		{EB17097E-8FCB-4193-829B-88C5A95727C5}.Test|x86.ActiveCfg = Test|x86
		{EB17097E-8FCB-4193-829B-88C5A95727C5}.Test|x86.Build.0 = Test|x86
		{EB17097E-8FCB-4193-829B-88C5A95727C5}.Veracode|Any CPU.ActiveCfg = Debug|Any CPU
		{EB17097E-8FCB-4193-829B-88C5A95727C5}.Veracode|Any CPU.Build.0 = Debug|Any CPU
		{EB17097E-8FCB-4193-829B-88C5A95727C5}.Veracode|x64.ActiveCfg = Test|Any CPU
		{EB17097E-8FCB-4193-829B-88C5A95727C5}.Veracode|x64.Build.0 = Test|Any CPU
		{EB17097E-8FCB-4193-829B-88C5A95727C5}.Veracode|x86.ActiveCfg = Test|x86
		{EB17097E-8FCB-4193-829B-88C5A95727C5}.Veracode|x86.Build.0 = Test|x86
		{A4E1DD59-25EE-4D4C-9707-903FDE230BE1}.Debug (localhost)|Any CPU.ActiveCfg = Debug|Any CPU
		{A4E1DD59-25EE-4D4C-9707-903FDE230BE1}.Debug (localhost)|Any CPU.Build.0 = Debug|Any CPU
		{A4E1DD59-25EE-4D4C-9707-903FDE230BE1}.Debug (localhost)|x64.ActiveCfg = Debug|Any CPU
		{A4E1DD59-25EE-4D4C-9707-903FDE230BE1}.Debug (localhost)|x64.Build.0 = Debug|Any CPU
		{A4E1DD59-25EE-4D4C-9707-903FDE230BE1}.Debug (localhost)|x86.ActiveCfg = Debug|x86
		{A4E1DD59-25EE-4D4C-9707-903FDE230BE1}.Debug (localhost)|x86.Build.0 = Debug|x86
		{A4E1DD59-25EE-4D4C-9707-903FDE230BE1}.Debug (Single Machine)|Any CPU.ActiveCfg = Debug|Any CPU
		{A4E1DD59-25EE-4D4C-9707-903FDE230BE1}.Debug (Single Machine)|Any CPU.Build.0 = Debug|Any CPU
		{A4E1DD59-25EE-4D4C-9707-903FDE230BE1}.Debug (Single Machine)|x64.ActiveCfg = Debug|Any CPU
		{A4E1DD59-25EE-4D4C-9707-903FDE230BE1}.Debug (Single Machine)|x64.Build.0 = Debug|Any CPU
		{A4E1DD59-25EE-4D4C-9707-903FDE230BE1}.Debug (Single Machine)|x86.ActiveCfg = Debug|x86
		{A4E1DD59-25EE-4D4C-9707-903FDE230BE1}.Debug (Single Machine)|x86.Build.0 = Debug|x86
		{A4E1DD59-25EE-4D4C-9707-903FDE230BE1}.Debug|Any CPU.ActiveCfg = Debug|Any CPU
		{A4E1DD59-25EE-4D4C-9707-903FDE230BE1}.Debug|Any CPU.Build.0 = Debug|Any CPU
		{A4E1DD59-25EE-4D4C-9707-903FDE230BE1}.Debug|x64.ActiveCfg = Debug|Any CPU
		{A4E1DD59-25EE-4D4C-9707-903FDE230BE1}.Debug|x64.Build.0 = Debug|Any CPU
		{A4E1DD59-25EE-4D4C-9707-903FDE230BE1}.Debug|x86.ActiveCfg = Debug|x86
		{A4E1DD59-25EE-4D4C-9707-903FDE230BE1}.Debug|x86.Build.0 = Debug|x86
		{A4E1DD59-25EE-4D4C-9707-903FDE230BE1}.Release|Any CPU.ActiveCfg = Release|Any CPU
		{A4E1DD59-25EE-4D4C-9707-903FDE230BE1}.Release|Any CPU.Build.0 = Release|Any CPU
		{A4E1DD59-25EE-4D4C-9707-903FDE230BE1}.Release|x64.ActiveCfg = Release|Any CPU
		{A4E1DD59-25EE-4D4C-9707-903FDE230BE1}.Release|x64.Build.0 = Release|Any CPU
		{A4E1DD59-25EE-4D4C-9707-903FDE230BE1}.Release|x86.ActiveCfg = Release|x86
		{A4E1DD59-25EE-4D4C-9707-903FDE230BE1}.Release|x86.Build.0 = Release|x86
		{A4E1DD59-25EE-4D4C-9707-903FDE230BE1}.Test|Any CPU.ActiveCfg = Release|Any CPU
		{A4E1DD59-25EE-4D4C-9707-903FDE230BE1}.Test|Any CPU.Build.0 = Release|Any CPU
		{A4E1DD59-25EE-4D4C-9707-903FDE230BE1}.Test|x64.ActiveCfg = Release|Any CPU
		{A4E1DD59-25EE-4D4C-9707-903FDE230BE1}.Test|x64.Build.0 = Release|Any CPU
		{A4E1DD59-25EE-4D4C-9707-903FDE230BE1}.Test|x86.ActiveCfg = Release|x86
		{A4E1DD59-25EE-4D4C-9707-903FDE230BE1}.Test|x86.Build.0 = Release|x86
		{A4E1DD59-25EE-4D4C-9707-903FDE230BE1}.Veracode|Any CPU.ActiveCfg = Debug|Any CPU
		{A4E1DD59-25EE-4D4C-9707-903FDE230BE1}.Veracode|Any CPU.Build.0 = Debug|Any CPU
		{A4E1DD59-25EE-4D4C-9707-903FDE230BE1}.Veracode|x64.ActiveCfg = Release|Any CPU
		{A4E1DD59-25EE-4D4C-9707-903FDE230BE1}.Veracode|x64.Build.0 = Release|Any CPU
		{A4E1DD59-25EE-4D4C-9707-903FDE230BE1}.Veracode|x86.ActiveCfg = Release|x86
		{A4E1DD59-25EE-4D4C-9707-903FDE230BE1}.Veracode|x86.Build.0 = Release|x86
		{68299763-0319-4DA9-914A-EB2927C658E6}.Debug (localhost)|Any CPU.ActiveCfg = Debug|Any CPU
		{68299763-0319-4DA9-914A-EB2927C658E6}.Debug (localhost)|Any CPU.Build.0 = Debug|Any CPU
		{68299763-0319-4DA9-914A-EB2927C658E6}.Debug (localhost)|x64.ActiveCfg = Debug|Any CPU
		{68299763-0319-4DA9-914A-EB2927C658E6}.Debug (localhost)|x64.Build.0 = Debug|Any CPU
		{68299763-0319-4DA9-914A-EB2927C658E6}.Debug (localhost)|x86.ActiveCfg = Debug|x86
		{68299763-0319-4DA9-914A-EB2927C658E6}.Debug (localhost)|x86.Build.0 = Debug|x86
		{68299763-0319-4DA9-914A-EB2927C658E6}.Debug (Single Machine)|Any CPU.ActiveCfg = Debug|Any CPU
		{68299763-0319-4DA9-914A-EB2927C658E6}.Debug (Single Machine)|Any CPU.Build.0 = Debug|Any CPU
		{68299763-0319-4DA9-914A-EB2927C658E6}.Debug (Single Machine)|x64.ActiveCfg = Debug|Any CPU
		{68299763-0319-4DA9-914A-EB2927C658E6}.Debug (Single Machine)|x64.Build.0 = Debug|Any CPU
		{68299763-0319-4DA9-914A-EB2927C658E6}.Debug (Single Machine)|x86.ActiveCfg = Debug|x86
		{68299763-0319-4DA9-914A-EB2927C658E6}.Debug (Single Machine)|x86.Build.0 = Debug|x86
		{68299763-0319-4DA9-914A-EB2927C658E6}.Debug|Any CPU.ActiveCfg = Debug|Any CPU
		{68299763-0319-4DA9-914A-EB2927C658E6}.Debug|Any CPU.Build.0 = Debug|Any CPU
		{68299763-0319-4DA9-914A-EB2927C658E6}.Debug|x64.ActiveCfg = Debug|Any CPU
		{68299763-0319-4DA9-914A-EB2927C658E6}.Debug|x64.Build.0 = Debug|Any CPU
		{68299763-0319-4DA9-914A-EB2927C658E6}.Debug|x86.ActiveCfg = Debug|x86
		{68299763-0319-4DA9-914A-EB2927C658E6}.Debug|x86.Build.0 = Debug|x86
		{68299763-0319-4DA9-914A-EB2927C658E6}.Release|Any CPU.ActiveCfg = Release|Any CPU
		{68299763-0319-4DA9-914A-EB2927C658E6}.Release|Any CPU.Build.0 = Release|Any CPU
		{68299763-0319-4DA9-914A-EB2927C658E6}.Release|x64.ActiveCfg = Release|Any CPU
		{68299763-0319-4DA9-914A-EB2927C658E6}.Release|x64.Build.0 = Release|Any CPU
		{68299763-0319-4DA9-914A-EB2927C658E6}.Release|x86.ActiveCfg = Release|x86
		{68299763-0319-4DA9-914A-EB2927C658E6}.Release|x86.Build.0 = Release|x86
		{68299763-0319-4DA9-914A-EB2927C658E6}.Test|Any CPU.ActiveCfg = Release|Any CPU
		{68299763-0319-4DA9-914A-EB2927C658E6}.Test|Any CPU.Build.0 = Release|Any CPU
		{68299763-0319-4DA9-914A-EB2927C658E6}.Test|x64.ActiveCfg = Release|Any CPU
		{68299763-0319-4DA9-914A-EB2927C658E6}.Test|x64.Build.0 = Release|Any CPU
		{68299763-0319-4DA9-914A-EB2927C658E6}.Test|x86.ActiveCfg = Release|x86
		{68299763-0319-4DA9-914A-EB2927C658E6}.Test|x86.Build.0 = Release|x86
		{68299763-0319-4DA9-914A-EB2927C658E6}.Veracode|Any CPU.ActiveCfg = Debug|Any CPU
		{68299763-0319-4DA9-914A-EB2927C658E6}.Veracode|Any CPU.Build.0 = Debug|Any CPU
		{68299763-0319-4DA9-914A-EB2927C658E6}.Veracode|x64.ActiveCfg = Release|Any CPU
		{68299763-0319-4DA9-914A-EB2927C658E6}.Veracode|x64.Build.0 = Release|Any CPU
		{68299763-0319-4DA9-914A-EB2927C658E6}.Veracode|x86.ActiveCfg = Release|x86
		{68299763-0319-4DA9-914A-EB2927C658E6}.Veracode|x86.Build.0 = Release|x86
		{DA8D016B-198C-422C-9442-2DFE93586DAC}.Debug (localhost)|Any CPU.ActiveCfg = Debug|Any CPU
		{DA8D016B-198C-422C-9442-2DFE93586DAC}.Debug (localhost)|Any CPU.Build.0 = Debug|Any CPU
		{DA8D016B-198C-422C-9442-2DFE93586DAC}.Debug (localhost)|x64.ActiveCfg = Debug (Single Machine)|Any CPU
		{DA8D016B-198C-422C-9442-2DFE93586DAC}.Debug (localhost)|x64.Build.0 = Debug (Single Machine)|Any CPU
		{DA8D016B-198C-422C-9442-2DFE93586DAC}.Debug (localhost)|x86.ActiveCfg = Debug (Single Machine)|Any CPU
		{DA8D016B-198C-422C-9442-2DFE93586DAC}.Debug (localhost)|x86.Build.0 = Debug (Single Machine)|Any CPU
		{DA8D016B-198C-422C-9442-2DFE93586DAC}.Debug (Single Machine)|Any CPU.ActiveCfg = Debug (Single Machine)|Any CPU
		{DA8D016B-198C-422C-9442-2DFE93586DAC}.Debug (Single Machine)|Any CPU.Build.0 = Debug (Single Machine)|Any CPU
		{DA8D016B-198C-422C-9442-2DFE93586DAC}.Debug (Single Machine)|x64.ActiveCfg = Debug (Single Machine)|Any CPU
		{DA8D016B-198C-422C-9442-2DFE93586DAC}.Debug (Single Machine)|x64.Build.0 = Debug (Single Machine)|Any CPU
		{DA8D016B-198C-422C-9442-2DFE93586DAC}.Debug (Single Machine)|x86.ActiveCfg = Debug (Single Machine)|Any CPU
		{DA8D016B-198C-422C-9442-2DFE93586DAC}.Debug (Single Machine)|x86.Build.0 = Debug (Single Machine)|Any CPU
		{DA8D016B-198C-422C-9442-2DFE93586DAC}.Debug|Any CPU.ActiveCfg = Debug|Any CPU
		{DA8D016B-198C-422C-9442-2DFE93586DAC}.Debug|Any CPU.Build.0 = Debug|Any CPU
		{DA8D016B-198C-422C-9442-2DFE93586DAC}.Debug|x64.ActiveCfg = Debug|Any CPU
		{DA8D016B-198C-422C-9442-2DFE93586DAC}.Debug|x64.Build.0 = Debug|Any CPU
		{DA8D016B-198C-422C-9442-2DFE93586DAC}.Debug|x86.ActiveCfg = Debug|Any CPU
		{DA8D016B-198C-422C-9442-2DFE93586DAC}.Debug|x86.Build.0 = Debug|Any CPU
		{DA8D016B-198C-422C-9442-2DFE93586DAC}.Release|Any CPU.ActiveCfg = Release|Any CPU
		{DA8D016B-198C-422C-9442-2DFE93586DAC}.Release|Any CPU.Build.0 = Release|Any CPU
		{DA8D016B-198C-422C-9442-2DFE93586DAC}.Release|x64.ActiveCfg = Release|Any CPU
		{DA8D016B-198C-422C-9442-2DFE93586DAC}.Release|x64.Build.0 = Release|Any CPU
		{DA8D016B-198C-422C-9442-2DFE93586DAC}.Release|x86.ActiveCfg = Release|Any CPU
		{DA8D016B-198C-422C-9442-2DFE93586DAC}.Release|x86.Build.0 = Release|Any CPU
		{DA8D016B-198C-422C-9442-2DFE93586DAC}.Test|Any CPU.ActiveCfg = Release|Any CPU
		{DA8D016B-198C-422C-9442-2DFE93586DAC}.Test|Any CPU.Build.0 = Release|Any CPU
		{DA8D016B-198C-422C-9442-2DFE93586DAC}.Test|x64.ActiveCfg = Release|Any CPU
		{DA8D016B-198C-422C-9442-2DFE93586DAC}.Test|x64.Build.0 = Release|Any CPU
		{DA8D016B-198C-422C-9442-2DFE93586DAC}.Test|x86.ActiveCfg = Release|Any CPU
		{DA8D016B-198C-422C-9442-2DFE93586DAC}.Test|x86.Build.0 = Release|Any CPU
		{DA8D016B-198C-422C-9442-2DFE93586DAC}.Veracode|Any CPU.ActiveCfg = Debug|Any CPU
		{DA8D016B-198C-422C-9442-2DFE93586DAC}.Veracode|Any CPU.Build.0 = Debug|Any CPU
		{DA8D016B-198C-422C-9442-2DFE93586DAC}.Veracode|x64.ActiveCfg = Debug (Single Machine)|Any CPU
		{DA8D016B-198C-422C-9442-2DFE93586DAC}.Veracode|x64.Build.0 = Debug (Single Machine)|Any CPU
		{DA8D016B-198C-422C-9442-2DFE93586DAC}.Veracode|x86.ActiveCfg = Release|Any CPU
		{DA8D016B-198C-422C-9442-2DFE93586DAC}.Veracode|x86.Build.0 = Release|Any CPU
		{46BDEED1-789E-4172-8DAE-64A7903A33F3}.Debug (localhost)|Any CPU.ActiveCfg = Debug|Any CPU
		{46BDEED1-789E-4172-8DAE-64A7903A33F3}.Debug (localhost)|Any CPU.Build.0 = Debug|Any CPU
		{46BDEED1-789E-4172-8DAE-64A7903A33F3}.Debug (localhost)|x64.ActiveCfg = Debug|Any CPU
		{46BDEED1-789E-4172-8DAE-64A7903A33F3}.Debug (localhost)|x64.Build.0 = Debug|Any CPU
		{46BDEED1-789E-4172-8DAE-64A7903A33F3}.Debug (localhost)|x86.ActiveCfg = Debug|Any CPU
		{46BDEED1-789E-4172-8DAE-64A7903A33F3}.Debug (localhost)|x86.Build.0 = Debug|Any CPU
		{46BDEED1-789E-4172-8DAE-64A7903A33F3}.Debug (Single Machine)|Any CPU.ActiveCfg = Debug|Any CPU
		{46BDEED1-789E-4172-8DAE-64A7903A33F3}.Debug (Single Machine)|Any CPU.Build.0 = Debug|Any CPU
		{46BDEED1-789E-4172-8DAE-64A7903A33F3}.Debug (Single Machine)|x64.ActiveCfg = Debug|Any CPU
		{46BDEED1-789E-4172-8DAE-64A7903A33F3}.Debug (Single Machine)|x64.Build.0 = Debug|Any CPU
		{46BDEED1-789E-4172-8DAE-64A7903A33F3}.Debug (Single Machine)|x86.ActiveCfg = Debug|Any CPU
		{46BDEED1-789E-4172-8DAE-64A7903A33F3}.Debug (Single Machine)|x86.Build.0 = Debug|Any CPU
		{46BDEED1-789E-4172-8DAE-64A7903A33F3}.Debug|Any CPU.ActiveCfg = Debug|Any CPU
		{46BDEED1-789E-4172-8DAE-64A7903A33F3}.Debug|Any CPU.Build.0 = Debug|Any CPU
		{46BDEED1-789E-4172-8DAE-64A7903A33F3}.Debug|x64.ActiveCfg = Debug|Any CPU
		{46BDEED1-789E-4172-8DAE-64A7903A33F3}.Debug|x64.Build.0 = Debug|Any CPU
		{46BDEED1-789E-4172-8DAE-64A7903A33F3}.Debug|x86.ActiveCfg = Debug|Any CPU
		{46BDEED1-789E-4172-8DAE-64A7903A33F3}.Debug|x86.Build.0 = Debug|Any CPU
		{46BDEED1-789E-4172-8DAE-64A7903A33F3}.Release|Any CPU.ActiveCfg = Release|Any CPU
		{46BDEED1-789E-4172-8DAE-64A7903A33F3}.Release|Any CPU.Build.0 = Release|Any CPU
		{46BDEED1-789E-4172-8DAE-64A7903A33F3}.Release|x64.ActiveCfg = Release|Any CPU
		{46BDEED1-789E-4172-8DAE-64A7903A33F3}.Release|x64.Build.0 = Release|Any CPU
		{46BDEED1-789E-4172-8DAE-64A7903A33F3}.Release|x86.ActiveCfg = Release|Any CPU
		{46BDEED1-789E-4172-8DAE-64A7903A33F3}.Release|x86.Build.0 = Release|Any CPU
		{46BDEED1-789E-4172-8DAE-64A7903A33F3}.Test|Any CPU.ActiveCfg = Release|Any CPU
		{46BDEED1-789E-4172-8DAE-64A7903A33F3}.Test|Any CPU.Build.0 = Release|Any CPU
		{46BDEED1-789E-4172-8DAE-64A7903A33F3}.Test|x64.ActiveCfg = Release|Any CPU
		{46BDEED1-789E-4172-8DAE-64A7903A33F3}.Test|x64.Build.0 = Release|Any CPU
		{46BDEED1-789E-4172-8DAE-64A7903A33F3}.Test|x86.ActiveCfg = Release|Any CPU
		{46BDEED1-789E-4172-8DAE-64A7903A33F3}.Test|x86.Build.0 = Release|Any CPU
		{46BDEED1-789E-4172-8DAE-64A7903A33F3}.Veracode|Any CPU.ActiveCfg = Debug|Any CPU
		{46BDEED1-789E-4172-8DAE-64A7903A33F3}.Veracode|Any CPU.Build.0 = Debug|Any CPU
		{46BDEED1-789E-4172-8DAE-64A7903A33F3}.Veracode|x64.ActiveCfg = Release|Any CPU
		{46BDEED1-789E-4172-8DAE-64A7903A33F3}.Veracode|x64.Build.0 = Release|Any CPU
		{46BDEED1-789E-4172-8DAE-64A7903A33F3}.Veracode|x86.ActiveCfg = Release|Any CPU
		{46BDEED1-789E-4172-8DAE-64A7903A33F3}.Veracode|x86.Build.0 = Release|Any CPU
		{C22EC378-31C5-4A3B-BE06-E4ED3E4C33CC}.Debug (localhost)|Any CPU.ActiveCfg = Debug|Any CPU
		{C22EC378-31C5-4A3B-BE06-E4ED3E4C33CC}.Debug (localhost)|Any CPU.Build.0 = Debug|Any CPU
		{C22EC378-31C5-4A3B-BE06-E4ED3E4C33CC}.Debug (localhost)|x64.ActiveCfg = Debug (Single Machine)|Any CPU
		{C22EC378-31C5-4A3B-BE06-E4ED3E4C33CC}.Debug (localhost)|x64.Build.0 = Debug (Single Machine)|Any CPU
		{C22EC378-31C5-4A3B-BE06-E4ED3E4C33CC}.Debug (localhost)|x86.ActiveCfg = Debug (Single Machine)|Any CPU
		{C22EC378-31C5-4A3B-BE06-E4ED3E4C33CC}.Debug (localhost)|x86.Build.0 = Debug (Single Machine)|Any CPU
		{C22EC378-31C5-4A3B-BE06-E4ED3E4C33CC}.Debug (Single Machine)|Any CPU.ActiveCfg = Debug (Single Machine)|Any CPU
		{C22EC378-31C5-4A3B-BE06-E4ED3E4C33CC}.Debug (Single Machine)|Any CPU.Build.0 = Debug (Single Machine)|Any CPU
		{C22EC378-31C5-4A3B-BE06-E4ED3E4C33CC}.Debug (Single Machine)|x64.ActiveCfg = Debug (Single Machine)|Any CPU
		{C22EC378-31C5-4A3B-BE06-E4ED3E4C33CC}.Debug (Single Machine)|x64.Build.0 = Debug (Single Machine)|Any CPU
		{C22EC378-31C5-4A3B-BE06-E4ED3E4C33CC}.Debug (Single Machine)|x86.ActiveCfg = Debug (Single Machine)|Any CPU
		{C22EC378-31C5-4A3B-BE06-E4ED3E4C33CC}.Debug (Single Machine)|x86.Build.0 = Debug (Single Machine)|Any CPU
		{C22EC378-31C5-4A3B-BE06-E4ED3E4C33CC}.Debug|Any CPU.ActiveCfg = Debug|Any CPU
		{C22EC378-31C5-4A3B-BE06-E4ED3E4C33CC}.Debug|Any CPU.Build.0 = Debug|Any CPU
		{C22EC378-31C5-4A3B-BE06-E4ED3E4C33CC}.Debug|x64.ActiveCfg = Debug|Any CPU
		{C22EC378-31C5-4A3B-BE06-E4ED3E4C33CC}.Debug|x64.Build.0 = Debug|Any CPU
		{C22EC378-31C5-4A3B-BE06-E4ED3E4C33CC}.Debug|x86.ActiveCfg = Debug|Any CPU
		{C22EC378-31C5-4A3B-BE06-E4ED3E4C33CC}.Debug|x86.Build.0 = Debug|Any CPU
		{C22EC378-31C5-4A3B-BE06-E4ED3E4C33CC}.Release|Any CPU.ActiveCfg = Release|Any CPU
		{C22EC378-31C5-4A3B-BE06-E4ED3E4C33CC}.Release|Any CPU.Build.0 = Release|Any CPU
		{C22EC378-31C5-4A3B-BE06-E4ED3E4C33CC}.Release|x64.ActiveCfg = Release|Any CPU
		{C22EC378-31C5-4A3B-BE06-E4ED3E4C33CC}.Release|x64.Build.0 = Release|Any CPU
		{C22EC378-31C5-4A3B-BE06-E4ED3E4C33CC}.Release|x86.ActiveCfg = Release|Any CPU
		{C22EC378-31C5-4A3B-BE06-E4ED3E4C33CC}.Release|x86.Build.0 = Release|Any CPU
		{C22EC378-31C5-4A3B-BE06-E4ED3E4C33CC}.Test|Any CPU.ActiveCfg = Release|Any CPU
		{C22EC378-31C5-4A3B-BE06-E4ED3E4C33CC}.Test|Any CPU.Build.0 = Release|Any CPU
		{C22EC378-31C5-4A3B-BE06-E4ED3E4C33CC}.Test|x64.ActiveCfg = Release|Any CPU
		{C22EC378-31C5-4A3B-BE06-E4ED3E4C33CC}.Test|x64.Build.0 = Release|Any CPU
		{C22EC378-31C5-4A3B-BE06-E4ED3E4C33CC}.Test|x86.ActiveCfg = Release|Any CPU
		{C22EC378-31C5-4A3B-BE06-E4ED3E4C33CC}.Test|x86.Build.0 = Release|Any CPU
		{C22EC378-31C5-4A3B-BE06-E4ED3E4C33CC}.Veracode|Any CPU.ActiveCfg = Debug|Any CPU
		{C22EC378-31C5-4A3B-BE06-E4ED3E4C33CC}.Veracode|Any CPU.Build.0 = Debug|Any CPU
		{C22EC378-31C5-4A3B-BE06-E4ED3E4C33CC}.Veracode|x64.ActiveCfg = Debug (Single Machine)|Any CPU
		{C22EC378-31C5-4A3B-BE06-E4ED3E4C33CC}.Veracode|x64.Build.0 = Debug (Single Machine)|Any CPU
		{C22EC378-31C5-4A3B-BE06-E4ED3E4C33CC}.Veracode|x86.ActiveCfg = Release|Any CPU
		{C22EC378-31C5-4A3B-BE06-E4ED3E4C33CC}.Veracode|x86.Build.0 = Release|Any CPU
		{305F7836-E9D1-44B9-81A7-6181F26E57C8}.Debug (localhost)|Any CPU.ActiveCfg = Debug|Any CPU
		{305F7836-E9D1-44B9-81A7-6181F26E57C8}.Debug (localhost)|Any CPU.Build.0 = Debug|Any CPU
		{305F7836-E9D1-44B9-81A7-6181F26E57C8}.Debug (localhost)|x64.ActiveCfg = Debug|Any CPU
		{305F7836-E9D1-44B9-81A7-6181F26E57C8}.Debug (localhost)|x64.Build.0 = Debug|Any CPU
		{305F7836-E9D1-44B9-81A7-6181F26E57C8}.Debug (localhost)|x86.ActiveCfg = Debug|Any CPU
		{305F7836-E9D1-44B9-81A7-6181F26E57C8}.Debug (localhost)|x86.Build.0 = Debug|Any CPU
		{305F7836-E9D1-44B9-81A7-6181F26E57C8}.Debug (Single Machine)|Any CPU.ActiveCfg = Debug|Any CPU
		{305F7836-E9D1-44B9-81A7-6181F26E57C8}.Debug (Single Machine)|Any CPU.Build.0 = Debug|Any CPU
		{305F7836-E9D1-44B9-81A7-6181F26E57C8}.Debug (Single Machine)|x64.ActiveCfg = Debug|Any CPU
		{305F7836-E9D1-44B9-81A7-6181F26E57C8}.Debug (Single Machine)|x64.Build.0 = Debug|Any CPU
		{305F7836-E9D1-44B9-81A7-6181F26E57C8}.Debug (Single Machine)|x86.ActiveCfg = Debug|Any CPU
		{305F7836-E9D1-44B9-81A7-6181F26E57C8}.Debug (Single Machine)|x86.Build.0 = Debug|Any CPU
		{305F7836-E9D1-44B9-81A7-6181F26E57C8}.Debug|Any CPU.ActiveCfg = Debug|Any CPU
		{305F7836-E9D1-44B9-81A7-6181F26E57C8}.Debug|Any CPU.Build.0 = Debug|Any CPU
		{305F7836-E9D1-44B9-81A7-6181F26E57C8}.Debug|x64.ActiveCfg = Debug|Any CPU
		{305F7836-E9D1-44B9-81A7-6181F26E57C8}.Debug|x64.Build.0 = Debug|Any CPU
		{305F7836-E9D1-44B9-81A7-6181F26E57C8}.Debug|x86.ActiveCfg = Debug|Any CPU
		{305F7836-E9D1-44B9-81A7-6181F26E57C8}.Debug|x86.Build.0 = Debug|Any CPU
		{305F7836-E9D1-44B9-81A7-6181F26E57C8}.Release|Any CPU.ActiveCfg = Release|Any CPU
		{305F7836-E9D1-44B9-81A7-6181F26E57C8}.Release|Any CPU.Build.0 = Release|Any CPU
		{305F7836-E9D1-44B9-81A7-6181F26E57C8}.Release|x64.ActiveCfg = Release|Any CPU
		{305F7836-E9D1-44B9-81A7-6181F26E57C8}.Release|x64.Build.0 = Release|Any CPU
		{305F7836-E9D1-44B9-81A7-6181F26E57C8}.Release|x86.ActiveCfg = Release|Any CPU
		{305F7836-E9D1-44B9-81A7-6181F26E57C8}.Release|x86.Build.0 = Release|Any CPU
		{305F7836-E9D1-44B9-81A7-6181F26E57C8}.Test|Any CPU.ActiveCfg = Release|Any CPU
		{305F7836-E9D1-44B9-81A7-6181F26E57C8}.Test|Any CPU.Build.0 = Release|Any CPU
		{305F7836-E9D1-44B9-81A7-6181F26E57C8}.Test|x64.ActiveCfg = Release|Any CPU
		{305F7836-E9D1-44B9-81A7-6181F26E57C8}.Test|x64.Build.0 = Release|Any CPU
		{305F7836-E9D1-44B9-81A7-6181F26E57C8}.Test|x86.ActiveCfg = Release|Any CPU
		{305F7836-E9D1-44B9-81A7-6181F26E57C8}.Test|x86.Build.0 = Release|Any CPU
		{305F7836-E9D1-44B9-81A7-6181F26E57C8}.Veracode|Any CPU.ActiveCfg = Debug|Any CPU
		{305F7836-E9D1-44B9-81A7-6181F26E57C8}.Veracode|Any CPU.Build.0 = Debug|Any CPU
		{305F7836-E9D1-44B9-81A7-6181F26E57C8}.Veracode|x64.ActiveCfg = Release|Any CPU
		{305F7836-E9D1-44B9-81A7-6181F26E57C8}.Veracode|x64.Build.0 = Release|Any CPU
		{305F7836-E9D1-44B9-81A7-6181F26E57C8}.Veracode|x86.ActiveCfg = Release|Any CPU
		{305F7836-E9D1-44B9-81A7-6181F26E57C8}.Veracode|x86.Build.0 = Release|Any CPU
		{BFE16905-77D2-4574-A9D0-678F26C8ACAE}.Debug (localhost)|Any CPU.ActiveCfg = Debug|Any CPU
		{BFE16905-77D2-4574-A9D0-678F26C8ACAE}.Debug (localhost)|Any CPU.Build.0 = Debug|Any CPU
		{BFE16905-77D2-4574-A9D0-678F26C8ACAE}.Debug (localhost)|x64.ActiveCfg = Debug (Single Machine)|Any CPU
		{BFE16905-77D2-4574-A9D0-678F26C8ACAE}.Debug (localhost)|x64.Build.0 = Debug (Single Machine)|Any CPU
		{BFE16905-77D2-4574-A9D0-678F26C8ACAE}.Debug (localhost)|x86.ActiveCfg = Debug (Single Machine)|Any CPU
		{BFE16905-77D2-4574-A9D0-678F26C8ACAE}.Debug (localhost)|x86.Build.0 = Debug (Single Machine)|Any CPU
		{BFE16905-77D2-4574-A9D0-678F26C8ACAE}.Debug (Single Machine)|Any CPU.ActiveCfg = Debug (Single Machine)|Any CPU
		{BFE16905-77D2-4574-A9D0-678F26C8ACAE}.Debug (Single Machine)|Any CPU.Build.0 = Debug (Single Machine)|Any CPU
		{BFE16905-77D2-4574-A9D0-678F26C8ACAE}.Debug (Single Machine)|x64.ActiveCfg = Debug (Single Machine)|Any CPU
		{BFE16905-77D2-4574-A9D0-678F26C8ACAE}.Debug (Single Machine)|x64.Build.0 = Debug (Single Machine)|Any CPU
		{BFE16905-77D2-4574-A9D0-678F26C8ACAE}.Debug (Single Machine)|x86.ActiveCfg = Debug (Single Machine)|Any CPU
		{BFE16905-77D2-4574-A9D0-678F26C8ACAE}.Debug (Single Machine)|x86.Build.0 = Debug (Single Machine)|Any CPU
		{BFE16905-77D2-4574-A9D0-678F26C8ACAE}.Debug|Any CPU.ActiveCfg = Debug|Any CPU
		{BFE16905-77D2-4574-A9D0-678F26C8ACAE}.Debug|Any CPU.Build.0 = Debug|Any CPU
		{BFE16905-77D2-4574-A9D0-678F26C8ACAE}.Debug|x64.ActiveCfg = Debug|Any CPU
		{BFE16905-77D2-4574-A9D0-678F26C8ACAE}.Debug|x64.Build.0 = Debug|Any CPU
		{BFE16905-77D2-4574-A9D0-678F26C8ACAE}.Debug|x86.ActiveCfg = Debug|Any CPU
		{BFE16905-77D2-4574-A9D0-678F26C8ACAE}.Debug|x86.Build.0 = Debug|Any CPU
		{BFE16905-77D2-4574-A9D0-678F26C8ACAE}.Release|Any CPU.ActiveCfg = Release|Any CPU
		{BFE16905-77D2-4574-A9D0-678F26C8ACAE}.Release|Any CPU.Build.0 = Release|Any CPU
		{BFE16905-77D2-4574-A9D0-678F26C8ACAE}.Release|x64.ActiveCfg = Release|Any CPU
		{BFE16905-77D2-4574-A9D0-678F26C8ACAE}.Release|x64.Build.0 = Release|Any CPU
		{BFE16905-77D2-4574-A9D0-678F26C8ACAE}.Release|x86.ActiveCfg = Release|Any CPU
		{BFE16905-77D2-4574-A9D0-678F26C8ACAE}.Release|x86.Build.0 = Release|Any CPU
		{BFE16905-77D2-4574-A9D0-678F26C8ACAE}.Test|Any CPU.ActiveCfg = Release|Any CPU
		{BFE16905-77D2-4574-A9D0-678F26C8ACAE}.Test|Any CPU.Build.0 = Release|Any CPU
		{BFE16905-77D2-4574-A9D0-678F26C8ACAE}.Test|x64.ActiveCfg = Release|Any CPU
		{BFE16905-77D2-4574-A9D0-678F26C8ACAE}.Test|x64.Build.0 = Release|Any CPU
		{BFE16905-77D2-4574-A9D0-678F26C8ACAE}.Test|x86.ActiveCfg = Release|Any CPU
		{BFE16905-77D2-4574-A9D0-678F26C8ACAE}.Test|x86.Build.0 = Release|Any CPU
		{BFE16905-77D2-4574-A9D0-678F26C8ACAE}.Veracode|Any CPU.ActiveCfg = Debug|Any CPU
		{BFE16905-77D2-4574-A9D0-678F26C8ACAE}.Veracode|Any CPU.Build.0 = Debug|Any CPU
		{BFE16905-77D2-4574-A9D0-678F26C8ACAE}.Veracode|x64.ActiveCfg = Debug (Single Machine)|Any CPU
		{BFE16905-77D2-4574-A9D0-678F26C8ACAE}.Veracode|x64.Build.0 = Debug (Single Machine)|Any CPU
		{BFE16905-77D2-4574-A9D0-678F26C8ACAE}.Veracode|x86.ActiveCfg = Release|Any CPU
		{BFE16905-77D2-4574-A9D0-678F26C8ACAE}.Veracode|x86.Build.0 = Release|Any CPU
		{5A2D7C7E-6A39-4A22-AAD8-15403B248F4E}.Debug (localhost)|Any CPU.ActiveCfg = Debug|Any CPU
		{5A2D7C7E-6A39-4A22-AAD8-15403B248F4E}.Debug (localhost)|Any CPU.Build.0 = Debug|Any CPU
		{5A2D7C7E-6A39-4A22-AAD8-15403B248F4E}.Debug (localhost)|x64.ActiveCfg = Debug|Any CPU
		{5A2D7C7E-6A39-4A22-AAD8-15403B248F4E}.Debug (localhost)|x64.Build.0 = Debug|Any CPU
		{5A2D7C7E-6A39-4A22-AAD8-15403B248F4E}.Debug (localhost)|x86.ActiveCfg = Debug|Any CPU
		{5A2D7C7E-6A39-4A22-AAD8-15403B248F4E}.Debug (localhost)|x86.Build.0 = Debug|Any CPU
		{5A2D7C7E-6A39-4A22-AAD8-15403B248F4E}.Debug (Single Machine)|Any CPU.ActiveCfg = Debug|Any CPU
		{5A2D7C7E-6A39-4A22-AAD8-15403B248F4E}.Debug (Single Machine)|Any CPU.Build.0 = Debug|Any CPU
		{5A2D7C7E-6A39-4A22-AAD8-15403B248F4E}.Debug (Single Machine)|x64.ActiveCfg = Debug|Any CPU
		{5A2D7C7E-6A39-4A22-AAD8-15403B248F4E}.Debug (Single Machine)|x64.Build.0 = Debug|Any CPU
		{5A2D7C7E-6A39-4A22-AAD8-15403B248F4E}.Debug (Single Machine)|x86.ActiveCfg = Debug|Any CPU
		{5A2D7C7E-6A39-4A22-AAD8-15403B248F4E}.Debug (Single Machine)|x86.Build.0 = Debug|Any CPU
		{5A2D7C7E-6A39-4A22-AAD8-15403B248F4E}.Debug|Any CPU.ActiveCfg = Debug|Any CPU
		{5A2D7C7E-6A39-4A22-AAD8-15403B248F4E}.Debug|Any CPU.Build.0 = Debug|Any CPU
		{5A2D7C7E-6A39-4A22-AAD8-15403B248F4E}.Debug|x64.ActiveCfg = Debug|Any CPU
		{5A2D7C7E-6A39-4A22-AAD8-15403B248F4E}.Debug|x64.Build.0 = Debug|Any CPU
		{5A2D7C7E-6A39-4A22-AAD8-15403B248F4E}.Debug|x86.ActiveCfg = Debug|Any CPU
		{5A2D7C7E-6A39-4A22-AAD8-15403B248F4E}.Debug|x86.Build.0 = Debug|Any CPU
		{5A2D7C7E-6A39-4A22-AAD8-15403B248F4E}.Release|Any CPU.ActiveCfg = Release|Any CPU
		{5A2D7C7E-6A39-4A22-AAD8-15403B248F4E}.Release|Any CPU.Build.0 = Release|Any CPU
		{5A2D7C7E-6A39-4A22-AAD8-15403B248F4E}.Release|x64.ActiveCfg = Release|Any CPU
		{5A2D7C7E-6A39-4A22-AAD8-15403B248F4E}.Release|x64.Build.0 = Release|Any CPU
		{5A2D7C7E-6A39-4A22-AAD8-15403B248F4E}.Release|x86.ActiveCfg = Release|Any CPU
		{5A2D7C7E-6A39-4A22-AAD8-15403B248F4E}.Release|x86.Build.0 = Release|Any CPU
		{5A2D7C7E-6A39-4A22-AAD8-15403B248F4E}.Test|Any CPU.ActiveCfg = Release|Any CPU
		{5A2D7C7E-6A39-4A22-AAD8-15403B248F4E}.Test|Any CPU.Build.0 = Release|Any CPU
		{5A2D7C7E-6A39-4A22-AAD8-15403B248F4E}.Test|x64.ActiveCfg = Release|Any CPU
		{5A2D7C7E-6A39-4A22-AAD8-15403B248F4E}.Test|x64.Build.0 = Release|Any CPU
		{5A2D7C7E-6A39-4A22-AAD8-15403B248F4E}.Test|x86.ActiveCfg = Release|Any CPU
		{5A2D7C7E-6A39-4A22-AAD8-15403B248F4E}.Test|x86.Build.0 = Release|Any CPU
		{5A2D7C7E-6A39-4A22-AAD8-15403B248F4E}.Veracode|Any CPU.ActiveCfg = Debug|Any CPU
		{5A2D7C7E-6A39-4A22-AAD8-15403B248F4E}.Veracode|Any CPU.Build.0 = Debug|Any CPU
		{5A2D7C7E-6A39-4A22-AAD8-15403B248F4E}.Veracode|x64.ActiveCfg = Release|Any CPU
		{5A2D7C7E-6A39-4A22-AAD8-15403B248F4E}.Veracode|x64.Build.0 = Release|Any CPU
		{5A2D7C7E-6A39-4A22-AAD8-15403B248F4E}.Veracode|x86.ActiveCfg = Release|Any CPU
		{5A2D7C7E-6A39-4A22-AAD8-15403B248F4E}.Veracode|x86.Build.0 = Release|Any CPU
		{E8380CB0-1C71-4B77-A6BF-1EC59A13B9AF}.Debug (localhost)|Any CPU.ActiveCfg = Debug|Any CPU
		{E8380CB0-1C71-4B77-A6BF-1EC59A13B9AF}.Debug (localhost)|Any CPU.Build.0 = Debug|Any CPU
		{E8380CB0-1C71-4B77-A6BF-1EC59A13B9AF}.Debug (localhost)|x64.ActiveCfg = Debug|Any CPU
		{E8380CB0-1C71-4B77-A6BF-1EC59A13B9AF}.Debug (localhost)|x64.Build.0 = Debug|Any CPU
		{E8380CB0-1C71-4B77-A6BF-1EC59A13B9AF}.Debug (localhost)|x86.ActiveCfg = Debug|Any CPU
		{E8380CB0-1C71-4B77-A6BF-1EC59A13B9AF}.Debug (localhost)|x86.Build.0 = Debug|Any CPU
		{E8380CB0-1C71-4B77-A6BF-1EC59A13B9AF}.Debug (Single Machine)|Any CPU.ActiveCfg = Debug|Any CPU
		{E8380CB0-1C71-4B77-A6BF-1EC59A13B9AF}.Debug (Single Machine)|Any CPU.Build.0 = Debug|Any CPU
		{E8380CB0-1C71-4B77-A6BF-1EC59A13B9AF}.Debug (Single Machine)|x64.ActiveCfg = Debug|Any CPU
		{E8380CB0-1C71-4B77-A6BF-1EC59A13B9AF}.Debug (Single Machine)|x64.Build.0 = Debug|Any CPU
		{E8380CB0-1C71-4B77-A6BF-1EC59A13B9AF}.Debug (Single Machine)|x86.ActiveCfg = Debug|Any CPU
		{E8380CB0-1C71-4B77-A6BF-1EC59A13B9AF}.Debug (Single Machine)|x86.Build.0 = Debug|Any CPU
		{E8380CB0-1C71-4B77-A6BF-1EC59A13B9AF}.Debug|Any CPU.ActiveCfg = Debug|Any CPU
		{E8380CB0-1C71-4B77-A6BF-1EC59A13B9AF}.Debug|Any CPU.Build.0 = Debug|Any CPU
		{E8380CB0-1C71-4B77-A6BF-1EC59A13B9AF}.Debug|x64.ActiveCfg = Debug|Any CPU
		{E8380CB0-1C71-4B77-A6BF-1EC59A13B9AF}.Debug|x64.Build.0 = Debug|Any CPU
		{E8380CB0-1C71-4B77-A6BF-1EC59A13B9AF}.Debug|x86.ActiveCfg = Debug|Any CPU
		{E8380CB0-1C71-4B77-A6BF-1EC59A13B9AF}.Debug|x86.Build.0 = Debug|Any CPU
		{E8380CB0-1C71-4B77-A6BF-1EC59A13B9AF}.Release|Any CPU.ActiveCfg = Release|Any CPU
		{E8380CB0-1C71-4B77-A6BF-1EC59A13B9AF}.Release|Any CPU.Build.0 = Release|Any CPU
		{E8380CB0-1C71-4B77-A6BF-1EC59A13B9AF}.Release|x64.ActiveCfg = Release|Any CPU
		{E8380CB0-1C71-4B77-A6BF-1EC59A13B9AF}.Release|x64.Build.0 = Release|Any CPU
		{E8380CB0-1C71-4B77-A6BF-1EC59A13B9AF}.Release|x86.ActiveCfg = Release|Any CPU
		{E8380CB0-1C71-4B77-A6BF-1EC59A13B9AF}.Release|x86.Build.0 = Release|Any CPU
		{E8380CB0-1C71-4B77-A6BF-1EC59A13B9AF}.Test|Any CPU.ActiveCfg = Release|Any CPU
		{E8380CB0-1C71-4B77-A6BF-1EC59A13B9AF}.Test|Any CPU.Build.0 = Release|Any CPU
		{E8380CB0-1C71-4B77-A6BF-1EC59A13B9AF}.Test|x64.ActiveCfg = Release|Any CPU
		{E8380CB0-1C71-4B77-A6BF-1EC59A13B9AF}.Test|x64.Build.0 = Release|Any CPU
		{E8380CB0-1C71-4B77-A6BF-1EC59A13B9AF}.Test|x86.ActiveCfg = Release|Any CPU
		{E8380CB0-1C71-4B77-A6BF-1EC59A13B9AF}.Test|x86.Build.0 = Release|Any CPU
		{E8380CB0-1C71-4B77-A6BF-1EC59A13B9AF}.Veracode|Any CPU.ActiveCfg = Debug|Any CPU
		{E8380CB0-1C71-4B77-A6BF-1EC59A13B9AF}.Veracode|Any CPU.Build.0 = Debug|Any CPU
		{E8380CB0-1C71-4B77-A6BF-1EC59A13B9AF}.Veracode|x64.ActiveCfg = Release|Any CPU
		{E8380CB0-1C71-4B77-A6BF-1EC59A13B9AF}.Veracode|x64.Build.0 = Release|Any CPU
		{E8380CB0-1C71-4B77-A6BF-1EC59A13B9AF}.Veracode|x86.ActiveCfg = Release|Any CPU
		{E8380CB0-1C71-4B77-A6BF-1EC59A13B9AF}.Veracode|x86.Build.0 = Release|Any CPU
		{2AE337A8-D0BF-492E-B526-5D4B978CB3F0}.Debug (localhost)|Any CPU.ActiveCfg = Debug|Any CPU
		{2AE337A8-D0BF-492E-B526-5D4B978CB3F0}.Debug (localhost)|Any CPU.Build.0 = Debug|Any CPU
		{2AE337A8-D0BF-492E-B526-5D4B978CB3F0}.Debug (localhost)|x64.ActiveCfg = Debug|Any CPU
		{2AE337A8-D0BF-492E-B526-5D4B978CB3F0}.Debug (localhost)|x64.Build.0 = Debug|Any CPU
		{2AE337A8-D0BF-492E-B526-5D4B978CB3F0}.Debug (localhost)|x86.ActiveCfg = Debug|Any CPU
		{2AE337A8-D0BF-492E-B526-5D4B978CB3F0}.Debug (localhost)|x86.Build.0 = Debug|Any CPU
		{2AE337A8-D0BF-492E-B526-5D4B978CB3F0}.Debug (Single Machine)|Any CPU.ActiveCfg = Debug|Any CPU
		{2AE337A8-D0BF-492E-B526-5D4B978CB3F0}.Debug (Single Machine)|Any CPU.Build.0 = Debug|Any CPU
		{2AE337A8-D0BF-492E-B526-5D4B978CB3F0}.Debug (Single Machine)|x64.ActiveCfg = Debug|Any CPU
		{2AE337A8-D0BF-492E-B526-5D4B978CB3F0}.Debug (Single Machine)|x64.Build.0 = Debug|Any CPU
		{2AE337A8-D0BF-492E-B526-5D4B978CB3F0}.Debug (Single Machine)|x86.ActiveCfg = Debug|Any CPU
		{2AE337A8-D0BF-492E-B526-5D4B978CB3F0}.Debug (Single Machine)|x86.Build.0 = Debug|Any CPU
		{2AE337A8-D0BF-492E-B526-5D4B978CB3F0}.Debug|Any CPU.ActiveCfg = Debug|Any CPU
		{2AE337A8-D0BF-492E-B526-5D4B978CB3F0}.Debug|Any CPU.Build.0 = Debug|Any CPU
		{2AE337A8-D0BF-492E-B526-5D4B978CB3F0}.Debug|x64.ActiveCfg = Debug|Any CPU
		{2AE337A8-D0BF-492E-B526-5D4B978CB3F0}.Debug|x64.Build.0 = Debug|Any CPU
		{2AE337A8-D0BF-492E-B526-5D4B978CB3F0}.Debug|x86.ActiveCfg = Debug|Any CPU
		{2AE337A8-D0BF-492E-B526-5D4B978CB3F0}.Debug|x86.Build.0 = Debug|Any CPU
		{2AE337A8-D0BF-492E-B526-5D4B978CB3F0}.Release|Any CPU.ActiveCfg = Release|Any CPU
		{2AE337A8-D0BF-492E-B526-5D4B978CB3F0}.Release|Any CPU.Build.0 = Release|Any CPU
		{2AE337A8-D0BF-492E-B526-5D4B978CB3F0}.Release|x64.ActiveCfg = Release|Any CPU
		{2AE337A8-D0BF-492E-B526-5D4B978CB3F0}.Release|x64.Build.0 = Release|Any CPU
		{2AE337A8-D0BF-492E-B526-5D4B978CB3F0}.Release|x86.ActiveCfg = Release|Any CPU
		{2AE337A8-D0BF-492E-B526-5D4B978CB3F0}.Release|x86.Build.0 = Release|Any CPU
		{2AE337A8-D0BF-492E-B526-5D4B978CB3F0}.Test|Any CPU.ActiveCfg = Release|Any CPU
		{2AE337A8-D0BF-492E-B526-5D4B978CB3F0}.Test|Any CPU.Build.0 = Release|Any CPU
		{2AE337A8-D0BF-492E-B526-5D4B978CB3F0}.Test|x64.ActiveCfg = Release|Any CPU
		{2AE337A8-D0BF-492E-B526-5D4B978CB3F0}.Test|x64.Build.0 = Release|Any CPU
		{2AE337A8-D0BF-492E-B526-5D4B978CB3F0}.Test|x86.ActiveCfg = Release|Any CPU
		{2AE337A8-D0BF-492E-B526-5D4B978CB3F0}.Test|x86.Build.0 = Release|Any CPU
		{2AE337A8-D0BF-492E-B526-5D4B978CB3F0}.Veracode|Any CPU.ActiveCfg = Debug|Any CPU
		{2AE337A8-D0BF-492E-B526-5D4B978CB3F0}.Veracode|Any CPU.Build.0 = Debug|Any CPU
		{2AE337A8-D0BF-492E-B526-5D4B978CB3F0}.Veracode|x64.ActiveCfg = Release|Any CPU
		{2AE337A8-D0BF-492E-B526-5D4B978CB3F0}.Veracode|x64.Build.0 = Release|Any CPU
		{2AE337A8-D0BF-492E-B526-5D4B978CB3F0}.Veracode|x86.ActiveCfg = Release|Any CPU
		{2AE337A8-D0BF-492E-B526-5D4B978CB3F0}.Veracode|x86.Build.0 = Release|Any CPU
		{C71B1B18-512D-408D-AE46-10A86F13EB1D}.Debug (localhost)|Any CPU.ActiveCfg = Debug|Any CPU
		{C71B1B18-512D-408D-AE46-10A86F13EB1D}.Debug (localhost)|Any CPU.Build.0 = Debug|Any CPU
		{C71B1B18-512D-408D-AE46-10A86F13EB1D}.Debug (localhost)|x64.ActiveCfg = Debug (Single Machine)|Any CPU
		{C71B1B18-512D-408D-AE46-10A86F13EB1D}.Debug (localhost)|x64.Build.0 = Debug (Single Machine)|Any CPU
		{C71B1B18-512D-408D-AE46-10A86F13EB1D}.Debug (localhost)|x86.ActiveCfg = Debug (Single Machine)|x86
		{C71B1B18-512D-408D-AE46-10A86F13EB1D}.Debug (localhost)|x86.Build.0 = Debug (Single Machine)|x86
		{C71B1B18-512D-408D-AE46-10A86F13EB1D}.Debug (Single Machine)|Any CPU.ActiveCfg = Debug (Single Machine)|Any CPU
		{C71B1B18-512D-408D-AE46-10A86F13EB1D}.Debug (Single Machine)|Any CPU.Build.0 = Debug (Single Machine)|Any CPU
		{C71B1B18-512D-408D-AE46-10A86F13EB1D}.Debug (Single Machine)|x64.ActiveCfg = Debug (Single Machine)|Any CPU
		{C71B1B18-512D-408D-AE46-10A86F13EB1D}.Debug (Single Machine)|x64.Build.0 = Debug (Single Machine)|Any CPU
		{C71B1B18-512D-408D-AE46-10A86F13EB1D}.Debug (Single Machine)|x86.ActiveCfg = Debug (Single Machine)|x86
		{C71B1B18-512D-408D-AE46-10A86F13EB1D}.Debug (Single Machine)|x86.Build.0 = Debug (Single Machine)|x86
		{C71B1B18-512D-408D-AE46-10A86F13EB1D}.Debug|Any CPU.ActiveCfg = Debug|Any CPU
		{C71B1B18-512D-408D-AE46-10A86F13EB1D}.Debug|Any CPU.Build.0 = Debug|Any CPU
		{C71B1B18-512D-408D-AE46-10A86F13EB1D}.Debug|x64.ActiveCfg = Debug|Any CPU
		{C71B1B18-512D-408D-AE46-10A86F13EB1D}.Debug|x64.Build.0 = Debug|Any CPU
		{C71B1B18-512D-408D-AE46-10A86F13EB1D}.Debug|x86.ActiveCfg = Debug|x86
		{C71B1B18-512D-408D-AE46-10A86F13EB1D}.Debug|x86.Build.0 = Debug|x86
		{C71B1B18-512D-408D-AE46-10A86F13EB1D}.Release|Any CPU.ActiveCfg = Release|Any CPU
		{C71B1B18-512D-408D-AE46-10A86F13EB1D}.Release|Any CPU.Build.0 = Release|Any CPU
		{C71B1B18-512D-408D-AE46-10A86F13EB1D}.Release|x64.ActiveCfg = Release|Any CPU
		{C71B1B18-512D-408D-AE46-10A86F13EB1D}.Release|x64.Build.0 = Release|Any CPU
		{C71B1B18-512D-408D-AE46-10A86F13EB1D}.Release|x86.ActiveCfg = Release|x86
		{C71B1B18-512D-408D-AE46-10A86F13EB1D}.Release|x86.Build.0 = Release|x86
		{C71B1B18-512D-408D-AE46-10A86F13EB1D}.Test|Any CPU.ActiveCfg = Test|Any CPU
		{C71B1B18-512D-408D-AE46-10A86F13EB1D}.Test|Any CPU.Build.0 = Test|Any CPU
		{C71B1B18-512D-408D-AE46-10A86F13EB1D}.Test|x64.ActiveCfg = Test|Any CPU
		{C71B1B18-512D-408D-AE46-10A86F13EB1D}.Test|x64.Build.0 = Test|Any CPU
		{C71B1B18-512D-408D-AE46-10A86F13EB1D}.Test|x86.ActiveCfg = Test|x86
		{C71B1B18-512D-408D-AE46-10A86F13EB1D}.Test|x86.Build.0 = Test|x86
		{C71B1B18-512D-408D-AE46-10A86F13EB1D}.Veracode|Any CPU.ActiveCfg = Debug|Any CPU
		{C71B1B18-512D-408D-AE46-10A86F13EB1D}.Veracode|Any CPU.Build.0 = Debug|Any CPU
		{C71B1B18-512D-408D-AE46-10A86F13EB1D}.Veracode|x64.ActiveCfg = Test|Any CPU
		{C71B1B18-512D-408D-AE46-10A86F13EB1D}.Veracode|x64.Build.0 = Test|Any CPU
		{C71B1B18-512D-408D-AE46-10A86F13EB1D}.Veracode|x86.ActiveCfg = Test|x86
		{C71B1B18-512D-408D-AE46-10A86F13EB1D}.Veracode|x86.Build.0 = Test|x86
		{CFF274CE-2F8B-4251-9B31-FF2D2A8E57EC}.Debug (localhost)|Any CPU.ActiveCfg = Debug|Any CPU
		{CFF274CE-2F8B-4251-9B31-FF2D2A8E57EC}.Debug (localhost)|Any CPU.Build.0 = Debug|Any CPU
		{CFF274CE-2F8B-4251-9B31-FF2D2A8E57EC}.Debug (localhost)|x64.ActiveCfg = Debug (Single Machine)|x64
		{CFF274CE-2F8B-4251-9B31-FF2D2A8E57EC}.Debug (localhost)|x64.Build.0 = Debug (localhost)|x64
		{CFF274CE-2F8B-4251-9B31-FF2D2A8E57EC}.Debug (localhost)|x86.ActiveCfg = Debug (localhost)|Any CPU
		{CFF274CE-2F8B-4251-9B31-FF2D2A8E57EC}.Debug (localhost)|x86.Build.0 = Debug (localhost)|Any CPU
		{CFF274CE-2F8B-4251-9B31-FF2D2A8E57EC}.Debug (Single Machine)|Any CPU.ActiveCfg = Debug (Single Machine)|Any CPU
		{CFF274CE-2F8B-4251-9B31-FF2D2A8E57EC}.Debug (Single Machine)|Any CPU.Build.0 = Debug (Single Machine)|Any CPU
		{CFF274CE-2F8B-4251-9B31-FF2D2A8E57EC}.Debug (Single Machine)|x64.ActiveCfg = Debug (Single Machine)|x64
		{CFF274CE-2F8B-4251-9B31-FF2D2A8E57EC}.Debug (Single Machine)|x64.Build.0 = Debug (Single Machine)|x64
		{CFF274CE-2F8B-4251-9B31-FF2D2A8E57EC}.Debug (Single Machine)|x86.ActiveCfg = Debug (Single Machine)|Any CPU
		{CFF274CE-2F8B-4251-9B31-FF2D2A8E57EC}.Debug (Single Machine)|x86.Build.0 = Debug (Single Machine)|Any CPU
		{CFF274CE-2F8B-4251-9B31-FF2D2A8E57EC}.Debug|Any CPU.ActiveCfg = Debug|Any CPU
		{CFF274CE-2F8B-4251-9B31-FF2D2A8E57EC}.Debug|Any CPU.Build.0 = Debug|Any CPU
		{CFF274CE-2F8B-4251-9B31-FF2D2A8E57EC}.Debug|x64.ActiveCfg = Debug|x64
		{CFF274CE-2F8B-4251-9B31-FF2D2A8E57EC}.Debug|x64.Build.0 = Debug|x64
		{CFF274CE-2F8B-4251-9B31-FF2D2A8E57EC}.Debug|x86.ActiveCfg = Debug|Any CPU
		{CFF274CE-2F8B-4251-9B31-FF2D2A8E57EC}.Debug|x86.Build.0 = Debug|Any CPU
		{CFF274CE-2F8B-4251-9B31-FF2D2A8E57EC}.Release|Any CPU.ActiveCfg = Release|Any CPU
		{CFF274CE-2F8B-4251-9B31-FF2D2A8E57EC}.Release|Any CPU.Build.0 = Release|Any CPU
		{CFF274CE-2F8B-4251-9B31-FF2D2A8E57EC}.Release|x64.ActiveCfg = Release|x64
		{CFF274CE-2F8B-4251-9B31-FF2D2A8E57EC}.Release|x64.Build.0 = Release|x64
		{CFF274CE-2F8B-4251-9B31-FF2D2A8E57EC}.Release|x86.ActiveCfg = Release|Any CPU
		{CFF274CE-2F8B-4251-9B31-FF2D2A8E57EC}.Release|x86.Build.0 = Release|Any CPU
		{CFF274CE-2F8B-4251-9B31-FF2D2A8E57EC}.Test|Any CPU.ActiveCfg = Debug (localhost)|Any CPU
		{CFF274CE-2F8B-4251-9B31-FF2D2A8E57EC}.Test|Any CPU.Build.0 = Debug (localhost)|Any CPU
		{CFF274CE-2F8B-4251-9B31-FF2D2A8E57EC}.Test|x64.ActiveCfg = Release|x64
		{CFF274CE-2F8B-4251-9B31-FF2D2A8E57EC}.Test|x64.Build.0 = Release|x64
		{CFF274CE-2F8B-4251-9B31-FF2D2A8E57EC}.Test|x86.ActiveCfg = Debug (localhost)|Any CPU
		{CFF274CE-2F8B-4251-9B31-FF2D2A8E57EC}.Test|x86.Build.0 = Debug (localhost)|Any CPU
		{CFF274CE-2F8B-4251-9B31-FF2D2A8E57EC}.Veracode|Any CPU.ActiveCfg = Debug|Any CPU
		{CFF274CE-2F8B-4251-9B31-FF2D2A8E57EC}.Veracode|Any CPU.Build.0 = Debug|Any CPU
		{CFF274CE-2F8B-4251-9B31-FF2D2A8E57EC}.Veracode|x64.ActiveCfg = Debug (localhost)|x64
		{CFF274CE-2F8B-4251-9B31-FF2D2A8E57EC}.Veracode|x64.Build.0 = Debug (localhost)|x64
		{CFF274CE-2F8B-4251-9B31-FF2D2A8E57EC}.Veracode|x86.ActiveCfg = Debug (localhost)|Any CPU
		{CFF274CE-2F8B-4251-9B31-FF2D2A8E57EC}.Veracode|x86.Build.0 = Debug (localhost)|Any CPU
		{16F65951-3898-4424-8FDD-5F0F8C0EBD6F}.Debug (localhost)|Any CPU.ActiveCfg = Debug|Any CPU
		{16F65951-3898-4424-8FDD-5F0F8C0EBD6F}.Debug (localhost)|Any CPU.Build.0 = Debug|Any CPU
		{16F65951-3898-4424-8FDD-5F0F8C0EBD6F}.Debug (localhost)|x64.ActiveCfg = Debug|Any CPU
		{16F65951-3898-4424-8FDD-5F0F8C0EBD6F}.Debug (localhost)|x64.Build.0 = Debug|Any CPU
		{16F65951-3898-4424-8FDD-5F0F8C0EBD6F}.Debug (localhost)|x86.ActiveCfg = Debug|Any CPU
		{16F65951-3898-4424-8FDD-5F0F8C0EBD6F}.Debug (localhost)|x86.Build.0 = Debug|Any CPU
		{16F65951-3898-4424-8FDD-5F0F8C0EBD6F}.Debug (Single Machine)|Any CPU.ActiveCfg = Debug|Any CPU
		{16F65951-3898-4424-8FDD-5F0F8C0EBD6F}.Debug (Single Machine)|Any CPU.Build.0 = Debug|Any CPU
		{16F65951-3898-4424-8FDD-5F0F8C0EBD6F}.Debug (Single Machine)|x64.ActiveCfg = Debug|Any CPU
		{16F65951-3898-4424-8FDD-5F0F8C0EBD6F}.Debug (Single Machine)|x64.Build.0 = Debug|Any CPU
		{16F65951-3898-4424-8FDD-5F0F8C0EBD6F}.Debug (Single Machine)|x86.ActiveCfg = Debug|Any CPU
		{16F65951-3898-4424-8FDD-5F0F8C0EBD6F}.Debug (Single Machine)|x86.Build.0 = Debug|Any CPU
		{16F65951-3898-4424-8FDD-5F0F8C0EBD6F}.Debug|Any CPU.ActiveCfg = Debug|Any CPU
		{16F65951-3898-4424-8FDD-5F0F8C0EBD6F}.Debug|Any CPU.Build.0 = Debug|Any CPU
		{16F65951-3898-4424-8FDD-5F0F8C0EBD6F}.Debug|x64.ActiveCfg = Debug|Any CPU
		{16F65951-3898-4424-8FDD-5F0F8C0EBD6F}.Debug|x64.Build.0 = Debug|Any CPU
		{16F65951-3898-4424-8FDD-5F0F8C0EBD6F}.Debug|x86.ActiveCfg = Debug|Any CPU
		{16F65951-3898-4424-8FDD-5F0F8C0EBD6F}.Debug|x86.Build.0 = Debug|Any CPU
		{16F65951-3898-4424-8FDD-5F0F8C0EBD6F}.Release|Any CPU.ActiveCfg = Release|Any CPU
		{16F65951-3898-4424-8FDD-5F0F8C0EBD6F}.Release|Any CPU.Build.0 = Release|Any CPU
		{16F65951-3898-4424-8FDD-5F0F8C0EBD6F}.Release|x64.ActiveCfg = Release|Any CPU
		{16F65951-3898-4424-8FDD-5F0F8C0EBD6F}.Release|x64.Build.0 = Release|Any CPU
		{16F65951-3898-4424-8FDD-5F0F8C0EBD6F}.Release|x86.ActiveCfg = Release|Any CPU
		{16F65951-3898-4424-8FDD-5F0F8C0EBD6F}.Release|x86.Build.0 = Release|Any CPU
		{16F65951-3898-4424-8FDD-5F0F8C0EBD6F}.Test|Any CPU.ActiveCfg = Release|Any CPU
		{16F65951-3898-4424-8FDD-5F0F8C0EBD6F}.Test|Any CPU.Build.0 = Release|Any CPU
		{16F65951-3898-4424-8FDD-5F0F8C0EBD6F}.Test|x64.ActiveCfg = Release|Any CPU
		{16F65951-3898-4424-8FDD-5F0F8C0EBD6F}.Test|x64.Build.0 = Release|Any CPU
		{16F65951-3898-4424-8FDD-5F0F8C0EBD6F}.Test|x86.ActiveCfg = Release|Any CPU
		{16F65951-3898-4424-8FDD-5F0F8C0EBD6F}.Test|x86.Build.0 = Release|Any CPU
		{16F65951-3898-4424-8FDD-5F0F8C0EBD6F}.Veracode|Any CPU.ActiveCfg = Debug|Any CPU
		{16F65951-3898-4424-8FDD-5F0F8C0EBD6F}.Veracode|Any CPU.Build.0 = Debug|Any CPU
		{16F65951-3898-4424-8FDD-5F0F8C0EBD6F}.Veracode|x64.ActiveCfg = Release|Any CPU
		{16F65951-3898-4424-8FDD-5F0F8C0EBD6F}.Veracode|x64.Build.0 = Release|Any CPU
		{16F65951-3898-4424-8FDD-5F0F8C0EBD6F}.Veracode|x86.ActiveCfg = Release|Any CPU
		{16F65951-3898-4424-8FDD-5F0F8C0EBD6F}.Veracode|x86.Build.0 = Release|Any CPU
		{09B8BD74-783D-4066-A25E-0DB90FADC635}.Debug (localhost)|Any CPU.ActiveCfg = Debug|Any CPU
		{09B8BD74-783D-4066-A25E-0DB90FADC635}.Debug (localhost)|Any CPU.Build.0 = Debug|Any CPU
		{09B8BD74-783D-4066-A25E-0DB90FADC635}.Debug (localhost)|x64.ActiveCfg = Debug|Any CPU
		{09B8BD74-783D-4066-A25E-0DB90FADC635}.Debug (localhost)|x64.Build.0 = Debug|Any CPU
		{09B8BD74-783D-4066-A25E-0DB90FADC635}.Debug (localhost)|x86.ActiveCfg = Debug|Any CPU
		{09B8BD74-783D-4066-A25E-0DB90FADC635}.Debug (localhost)|x86.Build.0 = Debug|Any CPU
		{09B8BD74-783D-4066-A25E-0DB90FADC635}.Debug (Single Machine)|Any CPU.ActiveCfg = Debug|Any CPU
		{09B8BD74-783D-4066-A25E-0DB90FADC635}.Debug (Single Machine)|Any CPU.Build.0 = Debug|Any CPU
		{09B8BD74-783D-4066-A25E-0DB90FADC635}.Debug (Single Machine)|x64.ActiveCfg = Debug|Any CPU
		{09B8BD74-783D-4066-A25E-0DB90FADC635}.Debug (Single Machine)|x64.Build.0 = Debug|Any CPU
		{09B8BD74-783D-4066-A25E-0DB90FADC635}.Debug (Single Machine)|x86.ActiveCfg = Debug|Any CPU
		{09B8BD74-783D-4066-A25E-0DB90FADC635}.Debug (Single Machine)|x86.Build.0 = Debug|Any CPU
		{09B8BD74-783D-4066-A25E-0DB90FADC635}.Debug|Any CPU.ActiveCfg = Debug|Any CPU
		{09B8BD74-783D-4066-A25E-0DB90FADC635}.Debug|Any CPU.Build.0 = Debug|Any CPU
		{09B8BD74-783D-4066-A25E-0DB90FADC635}.Debug|x64.ActiveCfg = Debug|Any CPU
		{09B8BD74-783D-4066-A25E-0DB90FADC635}.Debug|x64.Build.0 = Debug|Any CPU
		{09B8BD74-783D-4066-A25E-0DB90FADC635}.Debug|x86.ActiveCfg = Debug|Any CPU
		{09B8BD74-783D-4066-A25E-0DB90FADC635}.Debug|x86.Build.0 = Debug|Any CPU
		{09B8BD74-783D-4066-A25E-0DB90FADC635}.Release|Any CPU.ActiveCfg = Release|Any CPU
		{09B8BD74-783D-4066-A25E-0DB90FADC635}.Release|Any CPU.Build.0 = Release|Any CPU
		{09B8BD74-783D-4066-A25E-0DB90FADC635}.Release|x64.ActiveCfg = Release|Any CPU
		{09B8BD74-783D-4066-A25E-0DB90FADC635}.Release|x64.Build.0 = Release|Any CPU
		{09B8BD74-783D-4066-A25E-0DB90FADC635}.Release|x86.ActiveCfg = Release|Any CPU
		{09B8BD74-783D-4066-A25E-0DB90FADC635}.Release|x86.Build.0 = Release|Any CPU
		{09B8BD74-783D-4066-A25E-0DB90FADC635}.Test|Any CPU.ActiveCfg = Release|Any CPU
		{09B8BD74-783D-4066-A25E-0DB90FADC635}.Test|Any CPU.Build.0 = Release|Any CPU
		{09B8BD74-783D-4066-A25E-0DB90FADC635}.Test|x64.ActiveCfg = Release|Any CPU
		{09B8BD74-783D-4066-A25E-0DB90FADC635}.Test|x64.Build.0 = Release|Any CPU
		{09B8BD74-783D-4066-A25E-0DB90FADC635}.Test|x86.ActiveCfg = Release|Any CPU
		{09B8BD74-783D-4066-A25E-0DB90FADC635}.Test|x86.Build.0 = Release|Any CPU
		{09B8BD74-783D-4066-A25E-0DB90FADC635}.Veracode|Any CPU.ActiveCfg = Debug|Any CPU
		{09B8BD74-783D-4066-A25E-0DB90FADC635}.Veracode|Any CPU.Build.0 = Debug|Any CPU
		{09B8BD74-783D-4066-A25E-0DB90FADC635}.Veracode|x64.ActiveCfg = Release|Any CPU
		{09B8BD74-783D-4066-A25E-0DB90FADC635}.Veracode|x64.Build.0 = Release|Any CPU
		{09B8BD74-783D-4066-A25E-0DB90FADC635}.Veracode|x86.ActiveCfg = Release|Any CPU
		{09B8BD74-783D-4066-A25E-0DB90FADC635}.Veracode|x86.Build.0 = Release|Any CPU
		{F487CC4D-1B0F-4BA3-AA6E-E52EE120EF5B}.Debug (localhost)|Any CPU.ActiveCfg = Debug|Any CPU
		{F487CC4D-1B0F-4BA3-AA6E-E52EE120EF5B}.Debug (localhost)|Any CPU.Build.0 = Debug|Any CPU
		{F487CC4D-1B0F-4BA3-AA6E-E52EE120EF5B}.Debug (localhost)|x64.ActiveCfg = Debug|Any CPU
		{F487CC4D-1B0F-4BA3-AA6E-E52EE120EF5B}.Debug (localhost)|x64.Build.0 = Debug|Any CPU
		{F487CC4D-1B0F-4BA3-AA6E-E52EE120EF5B}.Debug (localhost)|x86.ActiveCfg = Debug|Any CPU
		{F487CC4D-1B0F-4BA3-AA6E-E52EE120EF5B}.Debug (localhost)|x86.Build.0 = Debug|Any CPU
		{F487CC4D-1B0F-4BA3-AA6E-E52EE120EF5B}.Debug (Single Machine)|Any CPU.ActiveCfg = Debug|Any CPU
		{F487CC4D-1B0F-4BA3-AA6E-E52EE120EF5B}.Debug (Single Machine)|Any CPU.Build.0 = Debug|Any CPU
		{F487CC4D-1B0F-4BA3-AA6E-E52EE120EF5B}.Debug (Single Machine)|x64.ActiveCfg = Debug|Any CPU
		{F487CC4D-1B0F-4BA3-AA6E-E52EE120EF5B}.Debug (Single Machine)|x64.Build.0 = Debug|Any CPU
		{F487CC4D-1B0F-4BA3-AA6E-E52EE120EF5B}.Debug (Single Machine)|x86.ActiveCfg = Debug|Any CPU
		{F487CC4D-1B0F-4BA3-AA6E-E52EE120EF5B}.Debug (Single Machine)|x86.Build.0 = Debug|Any CPU
		{F487CC4D-1B0F-4BA3-AA6E-E52EE120EF5B}.Debug|Any CPU.ActiveCfg = Debug|Any CPU
		{F487CC4D-1B0F-4BA3-AA6E-E52EE120EF5B}.Debug|Any CPU.Build.0 = Debug|Any CPU
		{F487CC4D-1B0F-4BA3-AA6E-E52EE120EF5B}.Debug|x64.ActiveCfg = Debug|Any CPU
		{F487CC4D-1B0F-4BA3-AA6E-E52EE120EF5B}.Debug|x64.Build.0 = Debug|Any CPU
		{F487CC4D-1B0F-4BA3-AA6E-E52EE120EF5B}.Debug|x86.ActiveCfg = Debug|Any CPU
		{F487CC4D-1B0F-4BA3-AA6E-E52EE120EF5B}.Debug|x86.Build.0 = Debug|Any CPU
		{F487CC4D-1B0F-4BA3-AA6E-E52EE120EF5B}.Release|Any CPU.ActiveCfg = Release|Any CPU
		{F487CC4D-1B0F-4BA3-AA6E-E52EE120EF5B}.Release|Any CPU.Build.0 = Release|Any CPU
		{F487CC4D-1B0F-4BA3-AA6E-E52EE120EF5B}.Release|x64.ActiveCfg = Release|Any CPU
		{F487CC4D-1B0F-4BA3-AA6E-E52EE120EF5B}.Release|x64.Build.0 = Release|Any CPU
		{F487CC4D-1B0F-4BA3-AA6E-E52EE120EF5B}.Release|x86.ActiveCfg = Release|Any CPU
		{F487CC4D-1B0F-4BA3-AA6E-E52EE120EF5B}.Release|x86.Build.0 = Release|Any CPU
		{F487CC4D-1B0F-4BA3-AA6E-E52EE120EF5B}.Test|Any CPU.ActiveCfg = Release|Any CPU
		{F487CC4D-1B0F-4BA3-AA6E-E52EE120EF5B}.Test|Any CPU.Build.0 = Release|Any CPU
		{F487CC4D-1B0F-4BA3-AA6E-E52EE120EF5B}.Test|x64.ActiveCfg = Release|Any CPU
		{F487CC4D-1B0F-4BA3-AA6E-E52EE120EF5B}.Test|x64.Build.0 = Release|Any CPU
		{F487CC4D-1B0F-4BA3-AA6E-E52EE120EF5B}.Test|x86.ActiveCfg = Release|Any CPU
		{F487CC4D-1B0F-4BA3-AA6E-E52EE120EF5B}.Test|x86.Build.0 = Release|Any CPU
		{F487CC4D-1B0F-4BA3-AA6E-E52EE120EF5B}.Veracode|Any CPU.ActiveCfg = Debug|Any CPU
		{F487CC4D-1B0F-4BA3-AA6E-E52EE120EF5B}.Veracode|Any CPU.Build.0 = Debug|Any CPU
		{F487CC4D-1B0F-4BA3-AA6E-E52EE120EF5B}.Veracode|x64.ActiveCfg = Release|Any CPU
		{F487CC4D-1B0F-4BA3-AA6E-E52EE120EF5B}.Veracode|x64.Build.0 = Release|Any CPU
		{F487CC4D-1B0F-4BA3-AA6E-E52EE120EF5B}.Veracode|x86.ActiveCfg = Release|Any CPU
		{F487CC4D-1B0F-4BA3-AA6E-E52EE120EF5B}.Veracode|x86.Build.0 = Release|Any CPU
		{A2A3D70D-3D7B-434A-8BBB-9C13DF2837B5}.Debug (localhost)|Any CPU.ActiveCfg = Debug|Any CPU
		{A2A3D70D-3D7B-434A-8BBB-9C13DF2837B5}.Debug (localhost)|Any CPU.Build.0 = Debug|Any CPU
		{A2A3D70D-3D7B-434A-8BBB-9C13DF2837B5}.Debug (localhost)|x64.ActiveCfg = Debug|Any CPU
		{A2A3D70D-3D7B-434A-8BBB-9C13DF2837B5}.Debug (localhost)|x64.Build.0 = Debug|Any CPU
		{A2A3D70D-3D7B-434A-8BBB-9C13DF2837B5}.Debug (localhost)|x86.ActiveCfg = Debug|Any CPU
		{A2A3D70D-3D7B-434A-8BBB-9C13DF2837B5}.Debug (localhost)|x86.Build.0 = Debug|Any CPU
		{A2A3D70D-3D7B-434A-8BBB-9C13DF2837B5}.Debug (Single Machine)|Any CPU.ActiveCfg = Debug|Any CPU
		{A2A3D70D-3D7B-434A-8BBB-9C13DF2837B5}.Debug (Single Machine)|Any CPU.Build.0 = Debug|Any CPU
		{A2A3D70D-3D7B-434A-8BBB-9C13DF2837B5}.Debug (Single Machine)|x64.ActiveCfg = Debug|Any CPU
		{A2A3D70D-3D7B-434A-8BBB-9C13DF2837B5}.Debug (Single Machine)|x64.Build.0 = Debug|Any CPU
		{A2A3D70D-3D7B-434A-8BBB-9C13DF2837B5}.Debug (Single Machine)|x86.ActiveCfg = Debug|Any CPU
		{A2A3D70D-3D7B-434A-8BBB-9C13DF2837B5}.Debug (Single Machine)|x86.Build.0 = Debug|Any CPU
		{A2A3D70D-3D7B-434A-8BBB-9C13DF2837B5}.Debug|Any CPU.ActiveCfg = Debug|Any CPU
		{A2A3D70D-3D7B-434A-8BBB-9C13DF2837B5}.Debug|Any CPU.Build.0 = Debug|Any CPU
		{A2A3D70D-3D7B-434A-8BBB-9C13DF2837B5}.Debug|x64.ActiveCfg = Debug|Any CPU
		{A2A3D70D-3D7B-434A-8BBB-9C13DF2837B5}.Debug|x64.Build.0 = Debug|Any CPU
		{A2A3D70D-3D7B-434A-8BBB-9C13DF2837B5}.Debug|x86.ActiveCfg = Debug|Any CPU
		{A2A3D70D-3D7B-434A-8BBB-9C13DF2837B5}.Debug|x86.Build.0 = Debug|Any CPU
		{A2A3D70D-3D7B-434A-8BBB-9C13DF2837B5}.Release|Any CPU.ActiveCfg = Release|Any CPU
		{A2A3D70D-3D7B-434A-8BBB-9C13DF2837B5}.Release|Any CPU.Build.0 = Release|Any CPU
		{A2A3D70D-3D7B-434A-8BBB-9C13DF2837B5}.Release|x64.ActiveCfg = Release|Any CPU
		{A2A3D70D-3D7B-434A-8BBB-9C13DF2837B5}.Release|x64.Build.0 = Release|Any CPU
		{A2A3D70D-3D7B-434A-8BBB-9C13DF2837B5}.Release|x86.ActiveCfg = Release|Any CPU
		{A2A3D70D-3D7B-434A-8BBB-9C13DF2837B5}.Release|x86.Build.0 = Release|Any CPU
		{A2A3D70D-3D7B-434A-8BBB-9C13DF2837B5}.Test|Any CPU.ActiveCfg = Release|Any CPU
		{A2A3D70D-3D7B-434A-8BBB-9C13DF2837B5}.Test|Any CPU.Build.0 = Release|Any CPU
		{A2A3D70D-3D7B-434A-8BBB-9C13DF2837B5}.Test|x64.ActiveCfg = Release|Any CPU
		{A2A3D70D-3D7B-434A-8BBB-9C13DF2837B5}.Test|x64.Build.0 = Release|Any CPU
		{A2A3D70D-3D7B-434A-8BBB-9C13DF2837B5}.Test|x86.ActiveCfg = Release|Any CPU
		{A2A3D70D-3D7B-434A-8BBB-9C13DF2837B5}.Test|x86.Build.0 = Release|Any CPU
		{A2A3D70D-3D7B-434A-8BBB-9C13DF2837B5}.Veracode|Any CPU.ActiveCfg = Debug|Any CPU
		{A2A3D70D-3D7B-434A-8BBB-9C13DF2837B5}.Veracode|Any CPU.Build.0 = Debug|Any CPU
		{A2A3D70D-3D7B-434A-8BBB-9C13DF2837B5}.Veracode|x64.ActiveCfg = Debug|Any CPU
		{A2A3D70D-3D7B-434A-8BBB-9C13DF2837B5}.Veracode|x64.Build.0 = Debug|Any CPU
		{A2A3D70D-3D7B-434A-8BBB-9C13DF2837B5}.Veracode|x86.ActiveCfg = Release|Any CPU
		{A2A3D70D-3D7B-434A-8BBB-9C13DF2837B5}.Veracode|x86.Build.0 = Release|Any CPU
		{745E87B1-7FFD-4F9C-98A5-43475FBC147B}.Debug (localhost)|Any CPU.ActiveCfg = Debug|Any CPU
		{745E87B1-7FFD-4F9C-98A5-43475FBC147B}.Debug (localhost)|Any CPU.Build.0 = Debug|Any CPU
		{745E87B1-7FFD-4F9C-98A5-43475FBC147B}.Debug (localhost)|x64.ActiveCfg = Debug|Any CPU
		{745E87B1-7FFD-4F9C-98A5-43475FBC147B}.Debug (localhost)|x64.Build.0 = Debug|Any CPU
		{745E87B1-7FFD-4F9C-98A5-43475FBC147B}.Debug (localhost)|x86.ActiveCfg = Debug|Any CPU
		{745E87B1-7FFD-4F9C-98A5-43475FBC147B}.Debug (localhost)|x86.Build.0 = Debug|Any CPU
		{745E87B1-7FFD-4F9C-98A5-43475FBC147B}.Debug (Single Machine)|Any CPU.ActiveCfg = Debug|Any CPU
		{745E87B1-7FFD-4F9C-98A5-43475FBC147B}.Debug (Single Machine)|Any CPU.Build.0 = Debug|Any CPU
		{745E87B1-7FFD-4F9C-98A5-43475FBC147B}.Debug (Single Machine)|x64.ActiveCfg = Debug|Any CPU
		{745E87B1-7FFD-4F9C-98A5-43475FBC147B}.Debug (Single Machine)|x64.Build.0 = Debug|Any CPU
		{745E87B1-7FFD-4F9C-98A5-43475FBC147B}.Debug (Single Machine)|x86.ActiveCfg = Debug|Any CPU
		{745E87B1-7FFD-4F9C-98A5-43475FBC147B}.Debug (Single Machine)|x86.Build.0 = Debug|Any CPU
		{745E87B1-7FFD-4F9C-98A5-43475FBC147B}.Debug|Any CPU.ActiveCfg = Debug|Any CPU
		{745E87B1-7FFD-4F9C-98A5-43475FBC147B}.Debug|Any CPU.Build.0 = Debug|Any CPU
		{745E87B1-7FFD-4F9C-98A5-43475FBC147B}.Debug|x64.ActiveCfg = Debug|Any CPU
		{745E87B1-7FFD-4F9C-98A5-43475FBC147B}.Debug|x64.Build.0 = Debug|Any CPU
		{745E87B1-7FFD-4F9C-98A5-43475FBC147B}.Debug|x86.ActiveCfg = Debug|Any CPU
		{745E87B1-7FFD-4F9C-98A5-43475FBC147B}.Debug|x86.Build.0 = Debug|Any CPU
		{745E87B1-7FFD-4F9C-98A5-43475FBC147B}.Release|Any CPU.ActiveCfg = Release|Any CPU
		{745E87B1-7FFD-4F9C-98A5-43475FBC147B}.Release|Any CPU.Build.0 = Release|Any CPU
		{745E87B1-7FFD-4F9C-98A5-43475FBC147B}.Release|x64.ActiveCfg = Release|Any CPU
		{745E87B1-7FFD-4F9C-98A5-43475FBC147B}.Release|x64.Build.0 = Release|Any CPU
		{745E87B1-7FFD-4F9C-98A5-43475FBC147B}.Release|x86.ActiveCfg = Release|Any CPU
		{745E87B1-7FFD-4F9C-98A5-43475FBC147B}.Release|x86.Build.0 = Release|Any CPU
		{745E87B1-7FFD-4F9C-98A5-43475FBC147B}.Test|Any CPU.ActiveCfg = Release|Any CPU
		{745E87B1-7FFD-4F9C-98A5-43475FBC147B}.Test|Any CPU.Build.0 = Release|Any CPU
		{745E87B1-7FFD-4F9C-98A5-43475FBC147B}.Test|x64.ActiveCfg = Release|Any CPU
		{745E87B1-7FFD-4F9C-98A5-43475FBC147B}.Test|x64.Build.0 = Release|Any CPU
		{745E87B1-7FFD-4F9C-98A5-43475FBC147B}.Test|x86.ActiveCfg = Release|Any CPU
		{745E87B1-7FFD-4F9C-98A5-43475FBC147B}.Test|x86.Build.0 = Release|Any CPU
		{745E87B1-7FFD-4F9C-98A5-43475FBC147B}.Veracode|Any CPU.ActiveCfg = Release|Any CPU
		{745E87B1-7FFD-4F9C-98A5-43475FBC147B}.Veracode|Any CPU.Build.0 = Release|Any CPU
		{745E87B1-7FFD-4F9C-98A5-43475FBC147B}.Veracode|x64.ActiveCfg = Release|Any CPU
		{745E87B1-7FFD-4F9C-98A5-43475FBC147B}.Veracode|x64.Build.0 = Release|Any CPU
		{745E87B1-7FFD-4F9C-98A5-43475FBC147B}.Veracode|x86.ActiveCfg = Release|Any CPU
		{745E87B1-7FFD-4F9C-98A5-43475FBC147B}.Veracode|x86.Build.0 = Release|Any CPU
	EndGlobalSection
	GlobalSection(SolutionProperties) = preSolution
		HideSolutionNode = FALSE
	EndGlobalSection
	GlobalSection(NestedProjects) = preSolution
		{7AC0A335-A785-4EAD-BD68-6FD85A9DBA74} = {9D858C8A-9022-4085-AFDE-CE35062AA3F9}
		{88BC9B4F-4CD5-418B-B10E-845F7F91C0FC} = {9D858C8A-9022-4085-AFDE-CE35062AA3F9}
		{834EB981-CD6A-478A-87E8-6B385FF54642} = {9D858C8A-9022-4085-AFDE-CE35062AA3F9}
		{CFFE07C6-5ED3-438A-9ABA-AC755847B870} = {9D858C8A-9022-4085-AFDE-CE35062AA3F9}
		{A8351594-2A9F-47D0-9824-44CF281D680B} = {9D858C8A-9022-4085-AFDE-CE35062AA3F9}
		{1D150183-C213-4B33-B3A6-13A061BE5C49} = {9D858C8A-9022-4085-AFDE-CE35062AA3F9}
		{6BC3FF04-1C45-4E3F-A82C-400A91E14330} = {7AC0A335-A785-4EAD-BD68-6FD85A9DBA74}
		{473C9F93-4226-4E82-924D-BD13998689F6} = {88BC9B4F-4CD5-418B-B10E-845F7F91C0FC}
		{EB17097E-8FCB-4193-829B-88C5A95727C5} = {834EB981-CD6A-478A-87E8-6B385FF54642}
		{A4E1DD59-25EE-4D4C-9707-903FDE230BE1} = {CFFE07C6-5ED3-438A-9ABA-AC755847B870}
		{68299763-0319-4DA9-914A-EB2927C658E6} = {CFFE07C6-5ED3-438A-9ABA-AC755847B870}
		{DA8D016B-198C-422C-9442-2DFE93586DAC} = {88BC9B4F-4CD5-418B-B10E-845F7F91C0FC}
		{46BDEED1-789E-4172-8DAE-64A7903A33F3} = {88BC9B4F-4CD5-418B-B10E-845F7F91C0FC}
		{C22EC378-31C5-4A3B-BE06-E4ED3E4C33CC} = {CFFE07C6-5ED3-438A-9ABA-AC755847B870}
		{305F7836-E9D1-44B9-81A7-6181F26E57C8} = {CFFE07C6-5ED3-438A-9ABA-AC755847B870}
		{BFE16905-77D2-4574-A9D0-678F26C8ACAE} = {7AC0A335-A785-4EAD-BD68-6FD85A9DBA74}
		{5A2D7C7E-6A39-4A22-AAD8-15403B248F4E} = {7AC0A335-A785-4EAD-BD68-6FD85A9DBA74}
		{E8380CB0-1C71-4B77-A6BF-1EC59A13B9AF} = {A8351594-2A9F-47D0-9824-44CF281D680B}
		{2AE337A8-D0BF-492E-B526-5D4B978CB3F0} = {7AC0A335-A785-4EAD-BD68-6FD85A9DBA74}
		{C71B1B18-512D-408D-AE46-10A86F13EB1D} = {7AC0A335-A785-4EAD-BD68-6FD85A9DBA74}
		{F487CC4D-1B0F-4BA3-AA6E-E52EE120EF5B} = {7AC0A335-A785-4EAD-BD68-6FD85A9DBA74}
	EndGlobalSection
	GlobalSection(ExtensibilityGlobals) = postSolution
		SolutionGuid = {194980A5-8B04-438F-B17E-C9C8B74C1116}
	EndGlobalSection
	GlobalSection(TeamFoundationVersionControl) = preSolution
		SccNumberOfProjects = 22
		SccEnterpriseProvider = {4CA58AB2-18FA-4F8D-95D4-32DDF27D184C}
		SccTeamFoundationServer = http://tfs:8080/tfs/lightstream
		SccLocalPath0 = .
		SccProjectUniqueName1 = ..\\..\\..\\Common\\FirstAgain.Common.csproj
		SccProjectTopLevelParentUniqueName1 = PublicSite.sln
		SccProjectName1 = ../../../Common
		SccLocalPath1 = ..\\..\\..\\Common
		SccProjectUniqueName2 = ..\\..\\..\\Domain\\Common\\FirstAgain.Domain.Common.csproj
		SccProjectTopLevelParentUniqueName2 = PublicSite.sln
		SccProjectName2 = ../../../Domain/Common
		SccLocalPath2 = ..\\..\\..\\Domain\\Common
		SccProjectUniqueName3 = ..\\..\\..\\Correspondence\\SharedTypes\\FirstAgain.Correspondence.SharedTypes.csproj
		SccProjectTopLevelParentUniqueName3 = PublicSite.sln
		SccProjectName3 = ../../../Correspondence/SharedTypes
		SccLocalPath3 = ..\\..\\..\\Correspondence\\SharedTypes
		SccProjectUniqueName4 = ..\\..\\..\\CreditBureau\\SharedTypes\\FirstAgain.CreditBureau.SharedTypes.csproj
		SccProjectTopLevelParentUniqueName4 = PublicSite.sln
		SccProjectName4 = ../../../CreditBureau/SharedTypes
		SccLocalPath4 = ..\\..\\..\\CreditBureau\\SharedTypes
		SccProjectUniqueName5 = ..\\..\\..\\LoanServicing\\SharedTypes\\FirstAgain.LoanServicing.SharedTypes.csproj
		SccProjectTopLevelParentUniqueName5 = PublicSite.sln
		SccProjectName5 = ../../../LoanServicing/SharedTypes
		SccLocalPath5 = ..\\..\\..\\LoanServicing\\SharedTypes
		SccProjectUniqueName6 = ..\\..\\..\\LoanServicing\\Common\\FirstAgain.LoanServicing.Common.csproj
		SccProjectTopLevelParentUniqueName6 = PublicSite.sln
		SccProjectName6 = ../../../LoanServicing/Common
		SccLocalPath6 = ..\\..\\..\\LoanServicing\\Common
		SccProjectUniqueName7 = ..\\..\\..\\Correspondence\\ServiceModel\\Client\\FirstAgain.Correspondence.ServiceModel.Client.csproj
		SccProjectTopLevelParentUniqueName7 = PublicSite.sln
		SccProjectName7 = ../../../Correspondence/ServiceModel/Client
		SccLocalPath7 = ..\\..\\..\\Correspondence\\ServiceModel\\Client
		SccProjectUniqueName8 = ..\\..\\..\\Correspondence\\ServiceModel\\Contracts\\FirstAgain.Correspondence.ServiceModel.Contracts.csproj
		SccProjectTopLevelParentUniqueName8 = PublicSite.sln
		SccProjectName8 = ../../../Correspondence/ServiceModel/Contracts
		SccLocalPath8 = ..\\..\\..\\Correspondence\\ServiceModel\\Contracts
		SccProjectUniqueName9 = ..\\..\\..\\LoanServicing\\ServiceModel\\Client\\FirstAgain.LoanServicing.ServiceModel.Client.csproj
		SccProjectTopLevelParentUniqueName9 = PublicSite.sln
		SccProjectName9 = ../../../LoanServicing/ServiceModel/Client
		SccLocalPath9 = ..\\..\\..\\LoanServicing\\ServiceModel\\Client
		SccProjectUniqueName10 = ..\\..\\..\\LoanServicing\\ServiceModel\\Contracts\\FirstAgain.LoanServicing.ServiceModel.Contracts.csproj
		SccProjectTopLevelParentUniqueName10 = PublicSite.sln
		SccProjectName10 = ../../../LoanServicing/ServiceModel/Contracts
		SccLocalPath10 = ..\\..\\..\\LoanServicing\\ServiceModel\\Contracts
		SccProjectUniqueName11 = ..\\..\\..\\Domain\\ServiceModel\\Client\\FirstAgain.Domain.ServiceModel.Client.csproj
		SccProjectTopLevelParentUniqueName11 = PublicSite.sln
		SccProjectName11 = ../../../Domain/ServiceModel/Client
		SccLocalPath11 = ..\\..\\..\\Domain\\ServiceModel\\Client
		SccProjectUniqueName12 = ..\\..\\..\\Domain\\ServiceModel\\Contracts\\FirstAgain.Domain.ServiceModel.Contracts.csproj
		SccProjectTopLevelParentUniqueName12 = PublicSite.sln
		SccProjectName12 = ../../../Domain/ServiceModel/Contracts
		SccLocalPath12 = ..\\..\\..\\Domain\\ServiceModel\\Contracts
		SccProjectUniqueName13 = ..\\..\\..\\Workflow\\SharedTypes\\FirstAgain.Workflow.SharedTypes.csproj
		SccProjectTopLevelParentUniqueName13 = PublicSite.sln
		SccProjectName13 = ../../../Workflow/SharedTypes
		SccLocalPath13 = ..\\..\\..\\Workflow\\SharedTypes
		SccProjectUniqueName14 = ..\\..\\..\\Domain\\SharedTypes\\FirstAgain.Domain.SharedTypes.csproj
		SccProjectTopLevelParentUniqueName14 = PublicSite.sln
		SccProjectName14 = ../../../Domain/SharedTypes
		SccLocalPath14 = ..\\..\\..\\Domain\\SharedTypes
		SccProjectUniqueName15 = ..\\..\\..\\Domain\\Lookups\\FirstAgain.Domain.Lookups.csproj
		SccProjectTopLevelParentUniqueName15 = PublicSite.sln
		SccProjectName15 = ../../../Domain/Lookups
		SccLocalPath15 = ..\\..\\..\\Domain\\Lookups
		SccProjectUniqueName16 = Webroot\\LightStreamWeb.csproj
		SccProjectName16 = Webroot
		SccLocalPath16 = Webroot
		SccProjectUniqueName17 = Tests\\LightStream.Web.Tests\\LightStreamWeb.Tests.csproj
		SccProjectName17 = Tests/LightStream.Web.Tests
		SccLocalPath17 = Tests\\LightStream.Web.Tests
		SccProjectUniqueName18 = Tests\\LightStreamWeb.UnitTests\\LightStreamWeb.UnitTests.csproj
		SccProjectName18 = Tests/LightStreamWeb.UnitTests
		SccLocalPath18 = Tests\\LightStreamWeb.UnitTests
		SccProjectUniqueName19 = ..\\..\\..\\Domain\\ServiceModel\\Server\\Tests\\FirstAgain.Domain.TestingCommon\\FirstAgain.Domain.TestingCommon.csproj
		SccProjectTopLevelParentUniqueName19 = PublicSite.sln
		SccProjectName19 = ../../../Domain/ServiceModel/Server/Tests/FirstAgain.Domain.TestingCommon
		SccLocalPath19 = ..\\..\\..\\Domain\\ServiceModel\\Server\\Tests\\FirstAgain.Domain.TestingCommon
		SccProjectUniqueName20 = LightStreamWeb.Shared\\LightStreamWeb.Shared.csproj
		SccProjectName20 = LightStreamWeb.Shared
		SccLocalPath20 = LightStreamWeb.Shared
		SccProjectUniqueName21 = LightStreamWeb.ComponentsHost\\LightStreamWeb.ComponentsHost.csproj
		SccProjectName21 = LightStreamWeb.ComponentsHost
		SccLocalPath21 = LightStreamWeb.ComponentsHost
	EndGlobalSection
EndGlobal
